// !$*UTF8*$!
{
	archiveVersion = 1;
	classes = {
	};
	objectVersion = 46;
	objects = {

/* Begin PBXBuildFile section */
		180D2F881786CA720031B524 /* add_description_button.png in Resources */ = {isa = PBXBuildFile; fileRef = 180D2F851786CA720031B524 /* add_description_button.png */; };
		180D2F891786CA720031B524 /* attach_photo_button.png in Resources */ = {isa = PBXBuildFile; fileRef = 180D2F861786CA720031B524 /* attach_photo_button.png */; };
		180D2F8A1786CA720031B524 /* take_photo_button.png in Resources */ = {isa = PBXBuildFile; fileRef = 180D2F871786CA720031B524 /* take_photo_button.png */; };
		1822EC45178E9141006C1785 /* another_complaint_button.png in Resources */ = {isa = PBXBuildFile; fileRef = 1822EC42178E9141006C1785 /* another_complaint_button.png */; };
		1822EC46178E9141006C1785 /* done_button.png in Resources */ = {isa = PBXBuildFile; fileRef = 1822EC43178E9141006C1785 /* done_button.png */; };
		1822EC47178E9141006C1785 /* summary_bg.png in Resources */ = {isa = PBXBuildFile; fileRef = 1822EC44178E9141006C1785 /* summary_bg.png */; };
		1822EC4A178E9A3C006C1785 /* IssueSummaryVC.m in Sources */ = {isa = PBXBuildFile; fileRef = 1822EC49178E9A3C006C1785 /* IssueSummaryVC.m */; };
		1822EC4D178EC1FE006C1785 /* MLA.m in Sources */ = {isa = PBXBuildFile; fileRef = 1822EC4C178EC1FE006C1785 /* MLA.m */; };
		1822EC50178EC266006C1785 /* MLA+JSAPIAdditions.m in Sources */ = {isa = PBXBuildFile; fileRef = 1822EC4F178EC266006C1785 /* MLA+JSAPIAdditions.m */; };
		1826BFE917816F7800D59525 /* analytics_button_select.png in Resources */ = {isa = PBXBuildFile; fileRef = 1826BFE117816F7800D59525 /* analytics_button_select.png */; };
		1826BFEA17816F7800D59525 /* analytics_button_select@2x.png in Resources */ = {isa = PBXBuildFile; fileRef = 1826BFE217816F7800D59525 /* analytics_button_select@2x.png */; };
		1826BFEB17816F7800D59525 /* analytics_button.png in Resources */ = {isa = PBXBuildFile; fileRef = 1826BFE317816F7800D59525 /* analytics_button.png */; };
		1826BFEC17816F7800D59525 /* analytics_button@2x.png in Resources */ = {isa = PBXBuildFile; fileRef = 1826BFE417816F7800D59525 /* analytics_button@2x.png */; };
		1826BFED17816F7800D59525 /* issues_button_select.png in Resources */ = {isa = PBXBuildFile; fileRef = 1826BFE517816F7800D59525 /* issues_button_select.png */; };
		1826BFEF17816F7800D59525 /* issues_button.png in Resources */ = {isa = PBXBuildFile; fileRef = 1826BFE717816F7800D59525 /* issues_button.png */; };
		182EF11B1782E38E00F6F694 /* OpenSans-Bold.ttf in Resources */ = {isa = PBXBuildFile; fileRef = 182EF1191782E38E00F6F694 /* OpenSans-Bold.ttf */; };
		182EF11C1782E38E00F6F694 /* OpenSans-Light.ttf in Resources */ = {isa = PBXBuildFile; fileRef = 182EF11A1782E38E00F6F694 /* OpenSans-Light.ttf */; };
		182EF1231782F99F00F6F694 /* back_button.png in Resources */ = {isa = PBXBuildFile; fileRef = 182EF11F1782F99F00F6F694 /* back_button.png */; };
		182EF1241782F99F00F6F694 /* back_button@2x.png in Resources */ = {isa = PBXBuildFile; fileRef = 182EF1201782F99F00F6F694 /* back_button@2x.png */; };
		182EF12A1782FF5400F6F694 /* IssuesVC.m in Sources */ = {isa = PBXBuildFile; fileRef = 182EF1291782FF5400F6F694 /* IssuesVC.m */; };
		182EF12D1783003B00F6F694 /* IssuesCell.m in Sources */ = {isa = PBXBuildFile; fileRef = 182EF12C1783003B00F6F694 /* IssuesCell.m */; };
		18305910177C52690065E6D1 /* WalkthroughVC.m in Sources */ = {isa = PBXBuildFile; fileRef = 1830590F177C52690065E6D1 /* WalkthroughVC.m */; };
		1835D1C4178AC1C300435DB1 /* Category.plist in Resources */ = {isa = PBXBuildFile; fileRef = 1835D1C3178AC1C300435DB1 /* Category.plist */; };
		1836443F17856D240090C40E /* electricity_button1.png in Resources */ = {isa = PBXBuildFile; fileRef = 1836443317856D240090C40E /* electricity_button1.png */; };
		1836444017856D240090C40E /* electricity_button1@2x.png in Resources */ = {isa = PBXBuildFile; fileRef = 1836443417856D240090C40E /* electricity_button1@2x.png */; };
		1836444117856D240090C40E /* law_button1.png in Resources */ = {isa = PBXBuildFile; fileRef = 1836443517856D240090C40E /* law_button1.png */; };
		1836444217856D240090C40E /* law_button1@2x.png in Resources */ = {isa = PBXBuildFile; fileRef = 1836443617856D240090C40E /* law_button1@2x.png */; };
		1836444317856D240090C40E /* road_button1.png in Resources */ = {isa = PBXBuildFile; fileRef = 1836443717856D240090C40E /* road_button1.png */; };
		1836444417856D240090C40E /* road_button1@2x.png in Resources */ = {isa = PBXBuildFile; fileRef = 1836443817856D240090C40E /* road_button1@2x.png */; };
		1836444517856D240090C40E /* sewage_button1.png in Resources */ = {isa = PBXBuildFile; fileRef = 1836443917856D240090C40E /* sewage_button1.png */; };
		1836444617856D240090C40E /* sewage_button1@2x.png in Resources */ = {isa = PBXBuildFile; fileRef = 1836443A17856D240090C40E /* sewage_button1@2x.png */; };
		1836444717856D240090C40E /* transport_button1.png in Resources */ = {isa = PBXBuildFile; fileRef = 1836443B17856D240090C40E /* transport_button1.png */; };
		1836444817856D240090C40E /* transport_button1@2x.png in Resources */ = {isa = PBXBuildFile; fileRef = 1836443C17856D240090C40E /* transport_button1@2x.png */; };
		1836444917856D240090C40E /* water_button1.png in Resources */ = {isa = PBXBuildFile; fileRef = 1836443D17856D240090C40E /* water_button1.png */; };
		1836444A17856D240090C40E /* water_button1@2x.png in Resources */ = {isa = PBXBuildFile; fileRef = 1836443E17856D240090C40E /* water_button1@2x.png */; };
		1836445C178571ED0090C40E /* complaint_icon.png in Resources */ = {isa = PBXBuildFile; fileRef = 1836444C178571ED0090C40E /* complaint_icon.png */; };
		1836445D178571ED0090C40E /* complaint_icon@2x.png in Resources */ = {isa = PBXBuildFile; fileRef = 1836444D178571ED0090C40E /* complaint_icon@2x.png */; };
		1836445E178571ED0090C40E /* Electricity_banner.png in Resources */ = {isa = PBXBuildFile; fileRef = 1836444E178571ED0090C40E /* Electricity_banner.png */; };
		1836445F178571ED0090C40E /* Electricity_banner@2x.png in Resources */ = {isa = PBXBuildFile; fileRef = 1836444F178571ED0090C40E /* Electricity_banner@2x.png */; };
		18364460178571ED0090C40E /* issue_icon.png in Resources */ = {isa = PBXBuildFile; fileRef = 18364450178571ED0090C40E /* issue_icon.png */; };
		18364461178571ED0090C40E /* issue_icon@2x.png in Resources */ = {isa = PBXBuildFile; fileRef = 18364451178571ED0090C40E /* issue_icon@2x.png */; };
		18364462178571ED0090C40E /* Law_banner.png in Resources */ = {isa = PBXBuildFile; fileRef = 18364452178571ED0090C40E /* Law_banner.png */; };
		18364463178571ED0090C40E /* Law_banner@2x.png in Resources */ = {isa = PBXBuildFile; fileRef = 18364453178571ED0090C40E /* Law_banner@2x.png */; };
		18364464178571ED0090C40E /* Road_banner.png in Resources */ = {isa = PBXBuildFile; fileRef = 18364454178571ED0090C40E /* Road_banner.png */; };
		18364465178571ED0090C40E /* Road_banner@2x.png in Resources */ = {isa = PBXBuildFile; fileRef = 18364455178571ED0090C40E /* Road_banner@2x.png */; };
		18364466178571ED0090C40E /* Sewage_banner.png in Resources */ = {isa = PBXBuildFile; fileRef = 18364456178571ED0090C40E /* Sewage_banner.png */; };
		18364467178571ED0090C40E /* Sewage_banner@2x.png in Resources */ = {isa = PBXBuildFile; fileRef = 18364457178571ED0090C40E /* Sewage_banner@2x.png */; };
		18364468178571ED0090C40E /* Transportation_banner.png in Resources */ = {isa = PBXBuildFile; fileRef = 18364458178571ED0090C40E /* Transportation_banner.png */; };
		18364469178571ED0090C40E /* Transportation_banner@2x.png in Resources */ = {isa = PBXBuildFile; fileRef = 18364459178571ED0090C40E /* Transportation_banner@2x.png */; };
		1836446A178571ED0090C40E /* Water_banner.png in Resources */ = {isa = PBXBuildFile; fileRef = 1836445A178571ED0090C40E /* Water_banner.png */; };
		1836446B178571ED0090C40E /* Water_banner@2x.png in Resources */ = {isa = PBXBuildFile; fileRef = 1836445B178571ED0090C40E /* Water_banner@2x.png */; };
		1836446D178574580090C40E /* arrow_right.png in Resources */ = {isa = PBXBuildFile; fileRef = 1836446C178574580090C40E /* arrow_right.png */; };
		18456D8C177987CA0045B75B /* UIKit.framework in Frameworks */ = {isa = PBXBuildFile; fileRef = 18456D8B177987CA0045B75B /* UIKit.framework */; };
		18456D8E177987CA0045B75B /* Foundation.framework in Frameworks */ = {isa = PBXBuildFile; fileRef = 18456D8D177987CA0045B75B /* Foundation.framework */; };
		18456D90177987CA0045B75B /* CoreGraphics.framework in Frameworks */ = {isa = PBXBuildFile; fileRef = 18456D8F177987CA0045B75B /* CoreGraphics.framework */; };
		18456D96177987CA0045B75B /* InfoPlist.strings in Resources */ = {isa = PBXBuildFile; fileRef = 18456D94177987CA0045B75B /* InfoPlist.strings */; };
		18456D98177987CA0045B75B /* main.m in Sources */ = {isa = PBXBuildFile; fileRef = 18456D97177987CA0045B75B /* main.m */; };
		18456D9C177987CA0045B75B /* JSAppDelegate.m in Sources */ = {isa = PBXBuildFile; fileRef = 18456D9B177987CA0045B75B /* JSAppDelegate.m */; };
		18456D9E177987CA0045B75B /* Default.png in Resources */ = {isa = PBXBuildFile; fileRef = 18456D9D177987CA0045B75B /* Default.png */; };
		18456DA0177987CA0045B75B /* Default@2x.png in Resources */ = {isa = PBXBuildFile; fileRef = 18456D9F177987CA0045B75B /* Default@2x.png */; };
		18456DA2177987CA0045B75B /* Default-568h@2x.png in Resources */ = {isa = PBXBuildFile; fileRef = 18456DA1177987CA0045B75B /* Default-568h@2x.png */; };
		18456DA8177987CA0045B75B /* JSViewController.m in Sources */ = {isa = PBXBuildFile; fileRef = 18456DA7177987CA0045B75B /* JSViewController.m */; };
		1887BEC7178D552100EC5AB4 /* CoreLocation.framework in Frameworks */ = {isa = PBXBuildFile; fileRef = 1887BEC6178D552100EC5AB4 /* CoreLocation.framework */; };
		188CDB9317818D1B004DFEA5 /* MainStoryboard.storyboard in Resources */ = {isa = PBXBuildFile; fileRef = 188CDB9117818D1B004DFEA5 /* MainStoryboard.storyboard */; };
		1894AD41177D8421003538CE /* annotation@2x.png in Resources */ = {isa = PBXBuildFile; fileRef = 1894AD3C177D8421003538CE /* annotation@2x.png */; };
		1894AD42177D8421003538CE /* info_button@2x.png in Resources */ = {isa = PBXBuildFile; fileRef = 1894AD3D177D8421003538CE /* info_button@2x.png */; };
		1894AD43177D8421003538CE /* navbar_bg@2x.png in Resources */ = {isa = PBXBuildFile; fileRef = 1894AD3E177D8421003538CE /* navbar_bg@2x.png */; };
		1894AD4B177D842C003538CE /* annotation.png in Resources */ = {isa = PBXBuildFile; fileRef = 1894AD46177D842C003538CE /* annotation.png */; };
		1894AD4C177D842C003538CE /* info_button.png in Resources */ = {isa = PBXBuildFile; fileRef = 1894AD47177D842C003538CE /* info_button.png */; };
		1894AD4D177D842C003538CE /* navbar_bg.png in Resources */ = {isa = PBXBuildFile; fileRef = 1894AD48177D842C003538CE /* navbar_bg.png */; };
		1894AD51177DB346003538CE /* MapKit.framework in Frameworks */ = {isa = PBXBuildFile; fileRef = 1894AD50177DB346003538CE /* MapKit.framework */; };
		1894AD54177DB6D2003538CE /* category_bg.png in Resources */ = {isa = PBXBuildFile; fileRef = 1894AD52177DB6D2003538CE /* category_bg.png */; };
		1894AD55177DB6D2003538CE /* category_bg@2x.png in Resources */ = {isa = PBXBuildFile; fileRef = 1894AD53177DB6D2003538CE /* category_bg@2x.png */; };
		1894AD5A177DBF6F003538CE /* tabbar_bg.png in Resources */ = {isa = PBXBuildFile; fileRef = 1894AD58177DBF6F003538CE /* tabbar_bg.png */; };
		1894AD5B177DBF6F003538CE /* tabbar_bg@2x.png in Resources */ = {isa = PBXBuildFile; fileRef = 1894AD59177DBF6F003538CE /* tabbar_bg@2x.png */; };
		1894AD60177DC0BA003538CE /* ContainerVC.m in Sources */ = {isa = PBXBuildFile; fileRef = 1894AD5F177DC0BA003538CE /* ContainerVC.m */; };
		18983AD71796B6BD00DF80F1 /* MyriadPro-BoldIt.otf in Resources */ = {isa = PBXBuildFile; fileRef = 18983AD61796B6BD00DF80F1 /* MyriadPro-BoldIt.otf */; };
		18983ADA1796B71500DF80F1 /* MyriadBoldItLabel.m in Sources */ = {isa = PBXBuildFile; fileRef = 18983AD91796B71500DF80F1 /* MyriadBoldItLabel.m */; };
		18A2E21D1782E0130061E18D /* electricity_button.png in Resources */ = {isa = PBXBuildFile; fileRef = 18A2E2111782E0130061E18D /* electricity_button.png */; };
		18A2E21E1782E0130061E18D /* electricity_button@2x.png in Resources */ = {isa = PBXBuildFile; fileRef = 18A2E2121782E0130061E18D /* electricity_button@2x.png */; };
		18A2E21F1782E0130061E18D /* law_button.png in Resources */ = {isa = PBXBuildFile; fileRef = 18A2E2131782E0130061E18D /* law_button.png */; };
		18A2E2201782E0130061E18D /* law_button@2x.png in Resources */ = {isa = PBXBuildFile; fileRef = 18A2E2141782E0130061E18D /* law_button@2x.png */; };
		18A2E2211782E0130061E18D /* road_button.png in Resources */ = {isa = PBXBuildFile; fileRef = 18A2E2151782E0130061E18D /* road_button.png */; };
		18A2E2221782E0130061E18D /* road_button@2x.png in Resources */ = {isa = PBXBuildFile; fileRef = 18A2E2161782E0130061E18D /* road_button@2x.png */; };
		18A2E2231782E0130061E18D /* sewage_button.png in Resources */ = {isa = PBXBuildFile; fileRef = 18A2E2171782E0130061E18D /* sewage_button.png */; };
		18A2E2241782E0130061E18D /* sewage_button@2x.png in Resources */ = {isa = PBXBuildFile; fileRef = 18A2E2181782E0130061E18D /* sewage_button@2x.png */; };
		18A2E2251782E0130061E18D /* transportation_button.png in Resources */ = {isa = PBXBuildFile; fileRef = 18A2E2191782E0130061E18D /* transportation_button.png */; };
		18A2E2261782E0130061E18D /* transportation_button@2x.png in Resources */ = {isa = PBXBuildFile; fileRef = 18A2E21A1782E0130061E18D /* transportation_button@2x.png */; };
		18A2E2271782E0130061E18D /* water_button.png in Resources */ = {isa = PBXBuildFile; fileRef = 18A2E21B1782E0130061E18D /* water_button.png */; };
		18A2E2281782E0130061E18D /* water_button@2x.png in Resources */ = {isa = PBXBuildFile; fileRef = 18A2E21C1782E0130061E18D /* water_button@2x.png */; };
		18B4579317847F0A00DCA030 /* MyriadPro-Bold.otf in Resources */ = {isa = PBXBuildFile; fileRef = 18B4579217847F0A00DCA030 /* MyriadPro-Bold.otf */; };
		18B4579617847F5100DCA030 /* MyriadBoldLabel.m in Sources */ = {isa = PBXBuildFile; fileRef = 18B4579517847F5100DCA030 /* MyriadBoldLabel.m */; };
		18B457A3178480DD00DCA030 /* edit_button.png in Resources */ = {isa = PBXBuildFile; fileRef = 18B45799178480DD00DCA030 /* edit_button.png */; };
		18B457A4178480DD00DCA030 /* edit_button@2x.png in Resources */ = {isa = PBXBuildFile; fileRef = 18B4579A178480DD00DCA030 /* edit_button@2x.png */; };
		18B457A5178480DD00DCA030 /* photo_bg.png in Resources */ = {isa = PBXBuildFile; fileRef = 18B4579B178480DD00DCA030 /* photo_bg.png */; };
		18B457A6178480DD00DCA030 /* photo_bg@2x.png in Resources */ = {isa = PBXBuildFile; fileRef = 18B4579C178480DD00DCA030 /* photo_bg@2x.png */; };
		18B457A7178480DD00DCA030 /* post_button.png in Resources */ = {isa = PBXBuildFile; fileRef = 18B4579D178480DD00DCA030 /* post_button.png */; };
		18B457A8178480DD00DCA030 /* post_button@2x.png in Resources */ = {isa = PBXBuildFile; fileRef = 18B4579E178480DD00DCA030 /* post_button@2x.png */; };
		18B457A9178480DD00DCA030 /* remove_photo.png in Resources */ = {isa = PBXBuildFile; fileRef = 18B4579F178480DD00DCA030 /* remove_photo.png */; };
		18B457AA178480DD00DCA030 /* remove_photo@2x.png in Resources */ = {isa = PBXBuildFile; fileRef = 18B457A0178480DD00DCA030 /* remove_photo@2x.png */; };
		18B457AB178480DD00DCA030 /* retake_photo.png in Resources */ = {isa = PBXBuildFile; fileRef = 18B457A1178480DD00DCA030 /* retake_photo.png */; };
		18B457AC178480DD00DCA030 /* retake_photo@2x.png in Resources */ = {isa = PBXBuildFile; fileRef = 18B457A2178480DD00DCA030 /* retake_photo@2x.png */; };
		18B457AF178485FB00DCA030 /* IssueDetailVC.m in Sources */ = {isa = PBXBuildFile; fileRef = 18B457AE178485FB00DCA030 /* IssueDetailVC.m */; };
		18BC5C771793EABC003E58B0 /* post_small_button.png in Resources */ = {isa = PBXBuildFile; fileRef = 18BC5C761793EABC003E58B0 /* post_small_button.png */; };
		18BC5C7B1793F19E003E58B0 /* textview_bg.png in Resources */ = {isa = PBXBuildFile; fileRef = 18BC5C7A1793F19E003E58B0 /* textview_bg.png */; };
		18BC5C7D1793F2B2003E58B0 /* done_small_button.png in Resources */ = {isa = PBXBuildFile; fileRef = 18BC5C7C1793F2B2003E58B0 /* done_small_button.png */; };
		18BC5C7F17940733003E58B0 /* cross_button.png in Resources */ = {isa = PBXBuildFile; fileRef = 18BC5C7E17940733003E58B0 /* cross_button.png */; };
		18BC5C82179407D5003E58B0 /* AboutVC.m in Sources */ = {isa = PBXBuildFile; fileRef = 18BC5C81179407D5003E58B0 /* AboutVC.m */; };
		18BC5C8517940AEC003E58B0 /* walkthrough.png in Resources */ = {isa = PBXBuildFile; fileRef = 18BC5C8317940AEC003E58B0 /* walkthrough.png */; };
		18BC5C8817940D9B003E58B0 /* profile_image.png in Resources */ = {isa = PBXBuildFile; fileRef = 18BC5C8717940D9B003E58B0 /* profile_image.png */; };
		18BC5C8B17940E6E003E58B0 /* ProfileVC.m in Sources */ = {isa = PBXBuildFile; fileRef = 18BC5C8A17940E6E003E58B0 /* ProfileVC.m */; };
		18BCE1801781993600BA7D89 /* issues_button_select@2x.png in Resources */ = {isa = PBXBuildFile; fileRef = 18BCE17E1781993600BA7D89 /* issues_button_select@2x.png */; };
		18BCE1811781993600BA7D89 /* issues_button@2x.png in Resources */ = {isa = PBXBuildFile; fileRef = 18BCE17F1781993600BA7D89 /* issues_button@2x.png */; };
		18BCE18417819BDE00BA7D89 /* MyriadPro-Regular.otf in Resources */ = {isa = PBXBuildFile; fileRef = 18BCE18317819BDE00BA7D89 /* MyriadPro-Regular.otf */; };
		18BCE1871781A05300BA7D89 /* MyriadPro-Semibold.otf in Resources */ = {isa = PBXBuildFile; fileRef = 18BCE1861781A05300BA7D89 /* MyriadPro-Semibold.otf */; };
		18BCE18F1781A2D400BA7D89 /* mapoverlay.png in Resources */ = {isa = PBXBuildFile; fileRef = 18BCE18D1781A2D400BA7D89 /* mapoverlay.png */; };
		18BCE1901781A2D400BA7D89 /* mapoverlay@2x.png in Resources */ = {isa = PBXBuildFile; fileRef = 18BCE18E1781A2D400BA7D89 /* mapoverlay@2x.png */; };
		82594B018E3749D395BE314C /* libPods.a in Frameworks */ = {isa = PBXBuildFile; fileRef = 5C0462AC2F4744D1814BA6BE /* libPods.a */; };
		FC1B056517A6790100712ED0 /* cross_button@2x.png in Resources */ = {isa = PBXBuildFile; fileRef = FC1B056417A6790100712ED0 /* cross_button@2x.png */; };
		FC1B056717A6795500712ED0 /* profile_image@2x.png in Resources */ = {isa = PBXBuildFile; fileRef = FC1B056617A6795500712ED0 /* profile_image@2x.png */; };
		FC1B056A17A68AB900712ED0 /* SystemLevelVC.m in Sources */ = {isa = PBXBuildFile; fileRef = FC1B056917A68AB900712ED0 /* SystemLevelVC.m */; };
		FC31D32F17900B0200F1A60B /* delhi.txt in Resources */ = {isa = PBXBuildFile; fileRef = FC31D32E17900B0200F1A60B /* delhi.txt */; };
		FC31D33217900E6800F1A60B /* CHCSVParser.m in Sources */ = {isa = PBXBuildFile; fileRef = FC31D33117900E6800F1A60B /* CHCSVParser.m */; };
		FC31D334179025C200F1A60B /* locationCellBG.png in Resources */ = {isa = PBXBuildFile; fileRef = FC31D333179025C200F1A60B /* locationCellBG.png */; };
		FC31D3371790289000F1A60B /* LocationSearchCell.m in Sources */ = {isa = PBXBuildFile; fileRef = FC31D3361790289000F1A60B /* LocationSearchCell.m */; };
		FC31D35117919E3C00F1A60B /* runningMan1.png in Resources */ = {isa = PBXBuildFile; fileRef = FC31D34517919E3C00F1A60B /* runningMan1.png */; };
		FC31D35217919E3C00F1A60B /* runningMan2.png in Resources */ = {isa = PBXBuildFile; fileRef = FC31D34617919E3C00F1A60B /* runningMan2.png */; };
		FC31D35317919E3C00F1A60B /* runningMan3.png in Resources */ = {isa = PBXBuildFile; fileRef = FC31D34717919E3C00F1A60B /* runningMan3.png */; };
		FC31D35417919E3C00F1A60B /* runningMan4.png in Resources */ = {isa = PBXBuildFile; fileRef = FC31D34817919E3C00F1A60B /* runningMan4.png */; };
		FC31D35517919E3C00F1A60B /* runningMan5.png in Resources */ = {isa = PBXBuildFile; fileRef = FC31D34917919E3C00F1A60B /* runningMan5.png */; };
		FC31D35617919E3C00F1A60B /* runningMan6.png in Resources */ = {isa = PBXBuildFile; fileRef = FC31D34A17919E3C00F1A60B /* runningMan6.png */; };
		FC31D35717919E3C00F1A60B /* runningMan7.png in Resources */ = {isa = PBXBuildFile; fileRef = FC31D34B17919E3C00F1A60B /* runningMan7.png */; };
		FC31D35817919E3C00F1A60B /* runningMan8.png in Resources */ = {isa = PBXBuildFile; fileRef = FC31D34C17919E3C00F1A60B /* runningMan8.png */; };
		FC31D35917919E3C00F1A60B /* runningMan9.png in Resources */ = {isa = PBXBuildFile; fileRef = FC31D34D17919E3C00F1A60B /* runningMan9.png */; };
		FC31D35A17919E3C00F1A60B /* runningMan10.png in Resources */ = {isa = PBXBuildFile; fileRef = FC31D34E17919E3C00F1A60B /* runningMan10.png */; };
		FC31D35B17919E3C00F1A60B /* runningMan11.png in Resources */ = {isa = PBXBuildFile; fileRef = FC31D34F17919E3C00F1A60B /* runningMan11.png */; };
		FC31D35C17919E3C00F1A60B /* runningMan12.png in Resources */ = {isa = PBXBuildFile; fileRef = FC31D35017919E3C00F1A60B /* runningMan12.png */; };
		FC3B606C17844CF400953836 /* navbar_logo.png in Resources */ = {isa = PBXBuildFile; fileRef = FC3B606B17844CF400953836 /* navbar_logo.png */; };
		FC3B60721784527200953836 /* leftSegmentOff.png in Resources */ = {isa = PBXBuildFile; fileRef = FC3B606E1784527200953836 /* leftSegmentOff.png */; };
		FC3B60731784527200953836 /* leftSegmentOn.png in Resources */ = {isa = PBXBuildFile; fileRef = FC3B606F1784527200953836 /* leftSegmentOn.png */; };
		FC3B60741784527200953836 /* rightSegmentOff.png in Resources */ = {isa = PBXBuildFile; fileRef = FC3B60701784527200953836 /* rightSegmentOff.png */; };
		FC3B60751784527200953836 /* rightSegmentOn.png in Resources */ = {isa = PBXBuildFile; fileRef = FC3B60711784527200953836 /* rightSegmentOn.png */; };
		FC3B6078178456EF00953836 /* MyriadRegularLabel.m in Sources */ = {isa = PBXBuildFile; fileRef = FC3B6077178456EF00953836 /* MyriadRegularLabel.m */; };
		FC3B607E1784574800953836 /* MyriadSemiboldLabel.m in Sources */ = {isa = PBXBuildFile; fileRef = FC3B607D1784574800953836 /* MyriadSemiboldLabel.m */; };
		FC3B60811784614000953836 /* OpenSansBold.m in Sources */ = {isa = PBXBuildFile; fileRef = FC3B60801784614000953836 /* OpenSansBold.m */; };
		FC3B6084178461A100953836 /* OpenSansLight.m in Sources */ = {isa = PBXBuildFile; fileRef = FC3B6083178461A100953836 /* OpenSansLight.m */; };
		FC3B6087178480B600953836 /* AnalyticsVC.m in Sources */ = {isa = PBXBuildFile; fileRef = FC3B6086178480B600953836 /* AnalyticsVC.m */; };
		FC3B608917848E2500953836 /* bigEllipsBG.png in Resources */ = {isa = PBXBuildFile; fileRef = FC3B608817848E2500953836 /* bigEllipsBG.png */; };
		FC3FFC1417A45E390036A8CC /* AnalyticsDetailVC.m in Sources */ = {isa = PBXBuildFile; fileRef = FC3FFC1317A45E390036A8CC /* AnalyticsDetailVC.m */; };
		FC3FFC1717A45E6B0036A8CC /* AnalyticsCell.m in Sources */ = {isa = PBXBuildFile; fileRef = FC3FFC1617A45E6B0036A8CC /* AnalyticsCell.m */; };
		FC49792D178F0DC40043B84A /* searchBG.png in Resources */ = {isa = PBXBuildFile; fileRef = FC49792C178F0DC40043B84A /* searchBG.png */; };
		FC5309AB17A2A07B005466BF /* whiteCircle.png in Resources */ = {isa = PBXBuildFile; fileRef = FC5309AA17A2A07B005466BF /* whiteCircle.png */; };
		FC5CEDD517A4057400D43871 /* bangalore.txt in Resources */ = {isa = PBXBuildFile; fileRef = FC5CEDD417A4057400D43871 /* bangalore.txt */; };
		FC5CEDDA17A41B0E00D43871 /* DSActivityView.m in Sources */ = {isa = PBXBuildFile; fileRef = FC5CEDD917A41B0E00D43871 /* DSActivityView.m */; };
		FC5CEDDD17A4228900D43871 /* JSAPIInteracter.m in Sources */ = {isa = PBXBuildFile; fileRef = FC5CEDDC17A4228800D43871 /* JSAPIInteracter.m */; };
		FC5CEDDF17A42EE700D43871 /* howItWorksButton.png in Resources */ = {isa = PBXBuildFile; fileRef = FC5CEDDE17A42EE700D43871 /* howItWorksButton.png */; };
		FC6FEEB5179E8FC300982188 /* Analytic+JSAPIAdditions.m in Sources */ = {isa = PBXBuildFile; fileRef = FC6FEEB4179E8FC300982188 /* Analytic+JSAPIAdditions.m */; };
		FC6FEEB9179EB0AE00982188 /* Analytic.m in Sources */ = {isa = PBXBuildFile; fileRef = FC6FEEB8179EB0AE00982188 /* Analytic.m */; };
		FC9FC12C17A51FDA00B1E3F9 /* libTestFlight.a in Frameworks */ = {isa = PBXBuildFile; fileRef = FC9FC12B17A51FDA00B1E3F9 /* libTestFlight.a */; };
		FC9FC12F17A5201800B1E3F9 /* libz.dylib in Frameworks */ = {isa = PBXBuildFile; fileRef = FC9FC12E17A5201800B1E3F9 /* libz.dylib */; };
		FCE1007C1786D5F7006FDB2E /* UICountingLabel.m in Sources */ = {isa = PBXBuildFile; fileRef = FCE1007B1786D5F7006FDB2E /* UICountingLabel.m */; };
		FCE10080178AE31C006FDB2E /* JSAPIInterface.m in Sources */ = {isa = PBXBuildFile; fileRef = FCE1007F178AE31C006FDB2E /* JSAPIInterface.m */; };
		FCE10083178AE3CA006FDB2E /* Constants.m in Sources */ = {isa = PBXBuildFile; fileRef = FCE10082178AE3CA006FDB2E /* Constants.m */; };
		FCE10085178AE6DC006FDB2E /* SystemConfiguration.framework in Frameworks */ = {isa = PBXBuildFile; fileRef = FCE10084178AE6DC006FDB2E /* SystemConfiguration.framework */; };
		FCE10087178AE6FB006FDB2E /* MobileCoreServices.framework in Frameworks */ = {isa = PBXBuildFile; fileRef = FCE10086178AE6FB006FDB2E /* MobileCoreServices.framework */; };
		FCE1008A178AE81E006FDB2E /* Jansampark.xcdatamodeld in Sources */ = {isa = PBXBuildFile; fileRef = FCE10088178AE81E006FDB2E /* Jansampark.xcdatamodeld */; };
		FCE1008D178AEC63006FDB2E /* JSModel.m in Sources */ = {isa = PBXBuildFile; fileRef = FCE1008C178AEC63006FDB2E /* JSModel.m */; };
/* End PBXBuildFile section */

/* Begin PBXFileReference section */
		02EFC0802F2E4A2AB56CE7AF /* Pods.xcconfig */ = {isa = PBXFileReference; includeInIndex = 1; lastKnownFileType = text.xcconfig; name = Pods.xcconfig; path = Pods/Pods.xcconfig; sourceTree = SOURCE_ROOT; };
		180D2F851786CA720031B524 /* add_description_button.png */ = {isa = PBXFileReference; lastKnownFileType = image.png; path = add_description_button.png; sourceTree = "<group>"; };
		180D2F861786CA720031B524 /* attach_photo_button.png */ = {isa = PBXFileReference; lastKnownFileType = image.png; path = attach_photo_button.png; sourceTree = "<group>"; };
		180D2F871786CA720031B524 /* take_photo_button.png */ = {isa = PBXFileReference; lastKnownFileType = image.png; path = take_photo_button.png; sourceTree = "<group>"; };
		1822EC42178E9141006C1785 /* another_complaint_button.png */ = {isa = PBXFileReference; lastKnownFileType = image.png; path = another_complaint_button.png; sourceTree = "<group>"; };
		1822EC43178E9141006C1785 /* done_button.png */ = {isa = PBXFileReference; lastKnownFileType = image.png; path = done_button.png; sourceTree = "<group>"; };
		1822EC44178E9141006C1785 /* summary_bg.png */ = {isa = PBXFileReference; lastKnownFileType = image.png; path = summary_bg.png; sourceTree = "<group>"; };
		1822EC48178E9A3C006C1785 /* IssueSummaryVC.h */ = {isa = PBXFileReference; fileEncoding = 4; lastKnownFileType = sourcecode.c.h; path = IssueSummaryVC.h; sourceTree = "<group>"; };
		1822EC49178E9A3C006C1785 /* IssueSummaryVC.m */ = {isa = PBXFileReference; fileEncoding = 4; lastKnownFileType = sourcecode.c.objc; path = IssueSummaryVC.m; sourceTree = "<group>"; };
		1822EC4B178EC1FE006C1785 /* MLA.h */ = {isa = PBXFileReference; fileEncoding = 4; lastKnownFileType = sourcecode.c.h; path = MLA.h; sourceTree = "<group>"; };
		1822EC4C178EC1FE006C1785 /* MLA.m */ = {isa = PBXFileReference; fileEncoding = 4; lastKnownFileType = sourcecode.c.objc; path = MLA.m; sourceTree = "<group>"; };
		1822EC4E178EC266006C1785 /* MLA+JSAPIAdditions.h */ = {isa = PBXFileReference; fileEncoding = 4; lastKnownFileType = sourcecode.c.h; path = "MLA+JSAPIAdditions.h"; sourceTree = "<group>"; };
		1822EC4F178EC266006C1785 /* MLA+JSAPIAdditions.m */ = {isa = PBXFileReference; fileEncoding = 4; lastKnownFileType = sourcecode.c.objc; path = "MLA+JSAPIAdditions.m"; sourceTree = "<group>"; };
		1826BFE117816F7800D59525 /* analytics_button_select.png */ = {isa = PBXFileReference; lastKnownFileType = image.png; path = analytics_button_select.png; sourceTree = "<group>"; };
		1826BFE217816F7800D59525 /* analytics_button_select@2x.png */ = {isa = PBXFileReference; lastKnownFileType = image.png; path = "analytics_button_select@2x.png"; sourceTree = "<group>"; };
		1826BFE317816F7800D59525 /* analytics_button.png */ = {isa = PBXFileReference; lastKnownFileType = image.png; path = analytics_button.png; sourceTree = "<group>"; };
		1826BFE417816F7800D59525 /* analytics_button@2x.png */ = {isa = PBXFileReference; lastKnownFileType = image.png; path = "analytics_button@2x.png"; sourceTree = "<group>"; };
		1826BFE517816F7800D59525 /* issues_button_select.png */ = {isa = PBXFileReference; lastKnownFileType = image.png; path = issues_button_select.png; sourceTree = "<group>"; };
		1826BFE717816F7800D59525 /* issues_button.png */ = {isa = PBXFileReference; lastKnownFileType = image.png; path = issues_button.png; sourceTree = "<group>"; };
		182EF1191782E38E00F6F694 /* OpenSans-Bold.ttf */ = {isa = PBXFileReference; lastKnownFileType = file; path = "OpenSans-Bold.ttf"; sourceTree = "<group>"; };
		182EF11A1782E38E00F6F694 /* OpenSans-Light.ttf */ = {isa = PBXFileReference; lastKnownFileType = file; path = "OpenSans-Light.ttf"; sourceTree = "<group>"; };
		182EF11F1782F99F00F6F694 /* back_button.png */ = {isa = PBXFileReference; lastKnownFileType = image.png; path = back_button.png; sourceTree = "<group>"; };
		182EF1201782F99F00F6F694 /* back_button@2x.png */ = {isa = PBXFileReference; lastKnownFileType = image.png; path = "back_button@2x.png"; sourceTree = "<group>"; };
		182EF1281782FF5400F6F694 /* IssuesVC.h */ = {isa = PBXFileReference; fileEncoding = 4; lastKnownFileType = sourcecode.c.h; path = IssuesVC.h; sourceTree = "<group>"; };
		182EF1291782FF5400F6F694 /* IssuesVC.m */ = {isa = PBXFileReference; fileEncoding = 4; lastKnownFileType = sourcecode.c.objc; path = IssuesVC.m; sourceTree = "<group>"; };
		182EF12B1783003B00F6F694 /* IssuesCell.h */ = {isa = PBXFileReference; fileEncoding = 4; lastKnownFileType = sourcecode.c.h; path = IssuesCell.h; sourceTree = "<group>"; };
		182EF12C1783003B00F6F694 /* IssuesCell.m */ = {isa = PBXFileReference; fileEncoding = 4; lastKnownFileType = sourcecode.c.objc; path = IssuesCell.m; sourceTree = "<group>"; };
		1830590E177C52690065E6D1 /* WalkthroughVC.h */ = {isa = PBXFileReference; fileEncoding = 4; lastKnownFileType = sourcecode.c.h; path = WalkthroughVC.h; sourceTree = "<group>"; };
		1830590F177C52690065E6D1 /* WalkthroughVC.m */ = {isa = PBXFileReference; fileEncoding = 4; lastKnownFileType = sourcecode.c.objc; path = WalkthroughVC.m; sourceTree = "<group>"; };
		1835D1C3178AC1C300435DB1 /* Category.plist */ = {isa = PBXFileReference; fileEncoding = 4; lastKnownFileType = text.plist.xml; path = Category.plist; sourceTree = "<group>"; };
		1836443317856D240090C40E /* electricity_button1.png */ = {isa = PBXFileReference; lastKnownFileType = image.png; path = electricity_button1.png; sourceTree = "<group>"; };
		1836443417856D240090C40E /* electricity_button1@2x.png */ = {isa = PBXFileReference; lastKnownFileType = image.png; path = "electricity_button1@2x.png"; sourceTree = "<group>"; };
		1836443517856D240090C40E /* law_button1.png */ = {isa = PBXFileReference; lastKnownFileType = image.png; path = law_button1.png; sourceTree = "<group>"; };
		1836443617856D240090C40E /* law_button1@2x.png */ = {isa = PBXFileReference; lastKnownFileType = image.png; path = "law_button1@2x.png"; sourceTree = "<group>"; };
		1836443717856D240090C40E /* road_button1.png */ = {isa = PBXFileReference; lastKnownFileType = image.png; path = road_button1.png; sourceTree = "<group>"; };
		1836443817856D240090C40E /* road_button1@2x.png */ = {isa = PBXFileReference; lastKnownFileType = image.png; path = "road_button1@2x.png"; sourceTree = "<group>"; };
		1836443917856D240090C40E /* sewage_button1.png */ = {isa = PBXFileReference; lastKnownFileType = image.png; path = sewage_button1.png; sourceTree = "<group>"; };
		1836443A17856D240090C40E /* sewage_button1@2x.png */ = {isa = PBXFileReference; lastKnownFileType = image.png; path = "sewage_button1@2x.png"; sourceTree = "<group>"; };
		1836443B17856D240090C40E /* transport_button1.png */ = {isa = PBXFileReference; lastKnownFileType = image.png; path = transport_button1.png; sourceTree = "<group>"; };
		1836443C17856D240090C40E /* transport_button1@2x.png */ = {isa = PBXFileReference; lastKnownFileType = image.png; path = "transport_button1@2x.png"; sourceTree = "<group>"; };
		1836443D17856D240090C40E /* water_button1.png */ = {isa = PBXFileReference; lastKnownFileType = image.png; path = water_button1.png; sourceTree = "<group>"; };
		1836443E17856D240090C40E /* water_button1@2x.png */ = {isa = PBXFileReference; lastKnownFileType = image.png; path = "water_button1@2x.png"; sourceTree = "<group>"; };
		1836444C178571ED0090C40E /* complaint_icon.png */ = {isa = PBXFileReference; lastKnownFileType = image.png; path = complaint_icon.png; sourceTree = "<group>"; };
		1836444D178571ED0090C40E /* complaint_icon@2x.png */ = {isa = PBXFileReference; lastKnownFileType = image.png; path = "complaint_icon@2x.png"; sourceTree = "<group>"; };
		1836444E178571ED0090C40E /* Electricity_banner.png */ = {isa = PBXFileReference; lastKnownFileType = image.png; path = Electricity_banner.png; sourceTree = "<group>"; };
		1836444F178571ED0090C40E /* Electricity_banner@2x.png */ = {isa = PBXFileReference; lastKnownFileType = image.png; path = "Electricity_banner@2x.png"; sourceTree = "<group>"; };
		18364450178571ED0090C40E /* issue_icon.png */ = {isa = PBXFileReference; lastKnownFileType = image.png; path = issue_icon.png; sourceTree = "<group>"; };
		18364451178571ED0090C40E /* issue_icon@2x.png */ = {isa = PBXFileReference; lastKnownFileType = image.png; path = "issue_icon@2x.png"; sourceTree = "<group>"; };
		18364452178571ED0090C40E /* Law_banner.png */ = {isa = PBXFileReference; lastKnownFileType = image.png; path = Law_banner.png; sourceTree = "<group>"; };
		18364453178571ED0090C40E /* Law_banner@2x.png */ = {isa = PBXFileReference; lastKnownFileType = image.png; path = "Law_banner@2x.png"; sourceTree = "<group>"; };
		18364454178571ED0090C40E /* Road_banner.png */ = {isa = PBXFileReference; lastKnownFileType = image.png; path = Road_banner.png; sourceTree = "<group>"; };
		18364455178571ED0090C40E /* Road_banner@2x.png */ = {isa = PBXFileReference; lastKnownFileType = image.png; path = "Road_banner@2x.png"; sourceTree = "<group>"; };
		18364456178571ED0090C40E /* Sewage_banner.png */ = {isa = PBXFileReference; lastKnownFileType = image.png; path = Sewage_banner.png; sourceTree = "<group>"; };
		18364457178571ED0090C40E /* Sewage_banner@2x.png */ = {isa = PBXFileReference; lastKnownFileType = image.png; path = "Sewage_banner@2x.png"; sourceTree = "<group>"; };
		18364458178571ED0090C40E /* Transportation_banner.png */ = {isa = PBXFileReference; lastKnownFileType = image.png; path = Transportation_banner.png; sourceTree = "<group>"; };
		18364459178571ED0090C40E /* Transportation_banner@2x.png */ = {isa = PBXFileReference; lastKnownFileType = image.png; path = "Transportation_banner@2x.png"; sourceTree = "<group>"; };
		1836445A178571ED0090C40E /* Water_banner.png */ = {isa = PBXFileReference; lastKnownFileType = image.png; path = Water_banner.png; sourceTree = "<group>"; };
		1836445B178571ED0090C40E /* Water_banner@2x.png */ = {isa = PBXFileReference; lastKnownFileType = image.png; path = "Water_banner@2x.png"; sourceTree = "<group>"; };
		1836446C178574580090C40E /* arrow_right.png */ = {isa = PBXFileReference; lastKnownFileType = image.png; path = arrow_right.png; sourceTree = "<group>"; };
		18456D88177987CA0045B75B /* Swaraj.app */ = {isa = PBXFileReference; explicitFileType = wrapper.application; includeInIndex = 0; path = Swaraj.app; sourceTree = BUILT_PRODUCTS_DIR; };
		18456D8B177987CA0045B75B /* UIKit.framework */ = {isa = PBXFileReference; lastKnownFileType = wrapper.framework; name = UIKit.framework; path = System/Library/Frameworks/UIKit.framework; sourceTree = SDKROOT; };
		18456D8D177987CA0045B75B /* Foundation.framework */ = {isa = PBXFileReference; lastKnownFileType = wrapper.framework; name = Foundation.framework; path = System/Library/Frameworks/Foundation.framework; sourceTree = SDKROOT; };
		18456D8F177987CA0045B75B /* CoreGraphics.framework */ = {isa = PBXFileReference; lastKnownFileType = wrapper.framework; name = CoreGraphics.framework; path = System/Library/Frameworks/CoreGraphics.framework; sourceTree = SDKROOT; };
		18456D93177987CA0045B75B /* Swaraj-Info.plist */ = {isa = PBXFileReference; lastKnownFileType = text.plist.xml; path = "Swaraj-Info.plist"; sourceTree = "<group>"; };
		18456D95177987CA0045B75B /* en */ = {isa = PBXFileReference; lastKnownFileType = text.plist.strings; name = en; path = en.lproj/InfoPlist.strings; sourceTree = "<group>"; };
		18456D97177987CA0045B75B /* main.m */ = {isa = PBXFileReference; lastKnownFileType = sourcecode.c.objc; path = main.m; sourceTree = "<group>"; };
		18456D99177987CA0045B75B /* Swaraj-Prefix.pch */ = {isa = PBXFileReference; lastKnownFileType = sourcecode.c.h; path = "Swaraj-Prefix.pch"; sourceTree = "<group>"; };
		18456D9A177987CA0045B75B /* JSAppDelegate.h */ = {isa = PBXFileReference; lastKnownFileType = sourcecode.c.h; path = JSAppDelegate.h; sourceTree = "<group>"; };
		18456D9B177987CA0045B75B /* JSAppDelegate.m */ = {isa = PBXFileReference; lastKnownFileType = sourcecode.c.objc; path = JSAppDelegate.m; sourceTree = "<group>"; };
		18456D9D177987CA0045B75B /* Default.png */ = {isa = PBXFileReference; lastKnownFileType = image.png; path = Default.png; sourceTree = "<group>"; };
		18456D9F177987CA0045B75B /* Default@2x.png */ = {isa = PBXFileReference; lastKnownFileType = image.png; path = "Default@2x.png"; sourceTree = "<group>"; };
		18456DA1177987CA0045B75B /* Default-568h@2x.png */ = {isa = PBXFileReference; lastKnownFileType = image.png; path = "Default-568h@2x.png"; sourceTree = "<group>"; };
		18456DA6177987CA0045B75B /* JSViewController.h */ = {isa = PBXFileReference; lastKnownFileType = sourcecode.c.h; path = JSViewController.h; sourceTree = "<group>"; };
		18456DA7177987CA0045B75B /* JSViewController.m */ = {isa = PBXFileReference; lastKnownFileType = sourcecode.c.objc; path = JSViewController.m; sourceTree = "<group>"; };
		1887BEC6178D552100EC5AB4 /* CoreLocation.framework */ = {isa = PBXFileReference; lastKnownFileType = wrapper.framework; name = CoreLocation.framework; path = System/Library/Frameworks/CoreLocation.framework; sourceTree = SDKROOT; };
		188CDB9217818D1B004DFEA5 /* en */ = {isa = PBXFileReference; lastKnownFileType = file.storyboard; name = en; path = en.lproj/MainStoryboard.storyboard; sourceTree = "<group>"; };
		1894AD3C177D8421003538CE /* annotation@2x.png */ = {isa = PBXFileReference; lastKnownFileType = image.png; path = "annotation@2x.png"; sourceTree = "<group>"; };
		1894AD3D177D8421003538CE /* info_button@2x.png */ = {isa = PBXFileReference; lastKnownFileType = image.png; path = "info_button@2x.png"; sourceTree = "<group>"; };
		1894AD3E177D8421003538CE /* navbar_bg@2x.png */ = {isa = PBXFileReference; lastKnownFileType = image.png; path = "navbar_bg@2x.png"; sourceTree = "<group>"; };
		1894AD46177D842C003538CE /* annotation.png */ = {isa = PBXFileReference; lastKnownFileType = image.png; path = annotation.png; sourceTree = "<group>"; };
		1894AD47177D842C003538CE /* info_button.png */ = {isa = PBXFileReference; lastKnownFileType = image.png; path = info_button.png; sourceTree = "<group>"; };
		1894AD48177D842C003538CE /* navbar_bg.png */ = {isa = PBXFileReference; lastKnownFileType = image.png; path = navbar_bg.png; sourceTree = "<group>"; };
		1894AD50177DB346003538CE /* MapKit.framework */ = {isa = PBXFileReference; lastKnownFileType = wrapper.framework; name = MapKit.framework; path = System/Library/Frameworks/MapKit.framework; sourceTree = SDKROOT; };
		1894AD52177DB6D2003538CE /* category_bg.png */ = {isa = PBXFileReference; lastKnownFileType = image.png; path = category_bg.png; sourceTree = "<group>"; };
		1894AD53177DB6D2003538CE /* category_bg@2x.png */ = {isa = PBXFileReference; lastKnownFileType = image.png; path = "category_bg@2x.png"; sourceTree = "<group>"; };
		1894AD58177DBF6F003538CE /* tabbar_bg.png */ = {isa = PBXFileReference; lastKnownFileType = image.png; path = tabbar_bg.png; sourceTree = "<group>"; };
		1894AD59177DBF6F003538CE /* tabbar_bg@2x.png */ = {isa = PBXFileReference; lastKnownFileType = image.png; path = "tabbar_bg@2x.png"; sourceTree = "<group>"; };
		1894AD5E177DC0BA003538CE /* ContainerVC.h */ = {isa = PBXFileReference; fileEncoding = 4; lastKnownFileType = sourcecode.c.h; path = ContainerVC.h; sourceTree = "<group>"; };
		1894AD5F177DC0BA003538CE /* ContainerVC.m */ = {isa = PBXFileReference; fileEncoding = 4; lastKnownFileType = sourcecode.c.objc; path = ContainerVC.m; sourceTree = "<group>"; };
		18983AD61796B6BD00DF80F1 /* MyriadPro-BoldIt.otf */ = {isa = PBXFileReference; lastKnownFileType = file; path = "MyriadPro-BoldIt.otf"; sourceTree = "<group>"; };
		18983AD81796B71500DF80F1 /* MyriadBoldItLabel.h */ = {isa = PBXFileReference; fileEncoding = 4; lastKnownFileType = sourcecode.c.h; path = MyriadBoldItLabel.h; sourceTree = "<group>"; };
		18983AD91796B71500DF80F1 /* MyriadBoldItLabel.m */ = {isa = PBXFileReference; fileEncoding = 4; lastKnownFileType = sourcecode.c.objc; path = MyriadBoldItLabel.m; sourceTree = "<group>"; };
		18A2E2111782E0130061E18D /* electricity_button.png */ = {isa = PBXFileReference; lastKnownFileType = image.png; path = electricity_button.png; sourceTree = "<group>"; };
		18A2E2121782E0130061E18D /* electricity_button@2x.png */ = {isa = PBXFileReference; lastKnownFileType = image.png; path = "electricity_button@2x.png"; sourceTree = "<group>"; };
		18A2E2131782E0130061E18D /* law_button.png */ = {isa = PBXFileReference; lastKnownFileType = image.png; path = law_button.png; sourceTree = "<group>"; };
		18A2E2141782E0130061E18D /* law_button@2x.png */ = {isa = PBXFileReference; lastKnownFileType = image.png; path = "law_button@2x.png"; sourceTree = "<group>"; };
		18A2E2151782E0130061E18D /* road_button.png */ = {isa = PBXFileReference; lastKnownFileType = image.png; path = road_button.png; sourceTree = "<group>"; };
		18A2E2161782E0130061E18D /* road_button@2x.png */ = {isa = PBXFileReference; lastKnownFileType = image.png; path = "road_button@2x.png"; sourceTree = "<group>"; };
		18A2E2171782E0130061E18D /* sewage_button.png */ = {isa = PBXFileReference; lastKnownFileType = image.png; path = sewage_button.png; sourceTree = "<group>"; };
		18A2E2181782E0130061E18D /* sewage_button@2x.png */ = {isa = PBXFileReference; lastKnownFileType = image.png; path = "sewage_button@2x.png"; sourceTree = "<group>"; };
		18A2E2191782E0130061E18D /* transportation_button.png */ = {isa = PBXFileReference; lastKnownFileType = image.png; path = transportation_button.png; sourceTree = "<group>"; };
		18A2E21A1782E0130061E18D /* transportation_button@2x.png */ = {isa = PBXFileReference; lastKnownFileType = image.png; path = "transportation_button@2x.png"; sourceTree = "<group>"; };
		18A2E21B1782E0130061E18D /* water_button.png */ = {isa = PBXFileReference; lastKnownFileType = image.png; path = water_button.png; sourceTree = "<group>"; };
		18A2E21C1782E0130061E18D /* water_button@2x.png */ = {isa = PBXFileReference; lastKnownFileType = image.png; path = "water_button@2x.png"; sourceTree = "<group>"; };
		18B4579217847F0A00DCA030 /* MyriadPro-Bold.otf */ = {isa = PBXFileReference; lastKnownFileType = file; path = "MyriadPro-Bold.otf"; sourceTree = "<group>"; };
		18B4579417847F5100DCA030 /* MyriadBoldLabel.h */ = {isa = PBXFileReference; fileEncoding = 4; lastKnownFileType = sourcecode.c.h; path = MyriadBoldLabel.h; sourceTree = "<group>"; };
		18B4579517847F5100DCA030 /* MyriadBoldLabel.m */ = {isa = PBXFileReference; fileEncoding = 4; lastKnownFileType = sourcecode.c.objc; path = MyriadBoldLabel.m; sourceTree = "<group>"; };
		18B45799178480DD00DCA030 /* edit_button.png */ = {isa = PBXFileReference; lastKnownFileType = image.png; path = edit_button.png; sourceTree = "<group>"; };
		18B4579A178480DD00DCA030 /* edit_button@2x.png */ = {isa = PBXFileReference; lastKnownFileType = image.png; path = "edit_button@2x.png"; sourceTree = "<group>"; };
		18B4579B178480DD00DCA030 /* photo_bg.png */ = {isa = PBXFileReference; lastKnownFileType = image.png; path = photo_bg.png; sourceTree = "<group>"; };
		18B4579C178480DD00DCA030 /* photo_bg@2x.png */ = {isa = PBXFileReference; lastKnownFileType = image.png; path = "photo_bg@2x.png"; sourceTree = "<group>"; };
		18B4579D178480DD00DCA030 /* post_button.png */ = {isa = PBXFileReference; lastKnownFileType = image.png; path = post_button.png; sourceTree = "<group>"; };
		18B4579E178480DD00DCA030 /* post_button@2x.png */ = {isa = PBXFileReference; lastKnownFileType = image.png; path = "post_button@2x.png"; sourceTree = "<group>"; };
		18B4579F178480DD00DCA030 /* remove_photo.png */ = {isa = PBXFileReference; lastKnownFileType = image.png; path = remove_photo.png; sourceTree = "<group>"; };
		18B457A0178480DD00DCA030 /* remove_photo@2x.png */ = {isa = PBXFileReference; lastKnownFileType = image.png; path = "remove_photo@2x.png"; sourceTree = "<group>"; };
		18B457A1178480DD00DCA030 /* retake_photo.png */ = {isa = PBXFileReference; lastKnownFileType = image.png; path = retake_photo.png; sourceTree = "<group>"; };
		18B457A2178480DD00DCA030 /* retake_photo@2x.png */ = {isa = PBXFileReference; lastKnownFileType = image.png; path = "retake_photo@2x.png"; sourceTree = "<group>"; };
		18B457AD178485FB00DCA030 /* IssueDetailVC.h */ = {isa = PBXFileReference; fileEncoding = 4; lastKnownFileType = sourcecode.c.h; path = IssueDetailVC.h; sourceTree = "<group>"; };
		18B457AE178485FB00DCA030 /* IssueDetailVC.m */ = {isa = PBXFileReference; fileEncoding = 4; lastKnownFileType = sourcecode.c.objc; path = IssueDetailVC.m; sourceTree = "<group>"; };
		18BC5C761793EABC003E58B0 /* post_small_button.png */ = {isa = PBXFileReference; lastKnownFileType = image.png; path = post_small_button.png; sourceTree = "<group>"; };
		18BC5C7A1793F19E003E58B0 /* textview_bg.png */ = {isa = PBXFileReference; lastKnownFileType = image.png; path = textview_bg.png; sourceTree = "<group>"; };
		18BC5C7C1793F2B2003E58B0 /* done_small_button.png */ = {isa = PBXFileReference; lastKnownFileType = image.png; path = done_small_button.png; sourceTree = "<group>"; };
		18BC5C7E17940733003E58B0 /* cross_button.png */ = {isa = PBXFileReference; lastKnownFileType = image.png; path = cross_button.png; sourceTree = "<group>"; };
		18BC5C80179407D5003E58B0 /* AboutVC.h */ = {isa = PBXFileReference; fileEncoding = 4; lastKnownFileType = sourcecode.c.h; path = AboutVC.h; sourceTree = "<group>"; };
		18BC5C81179407D5003E58B0 /* AboutVC.m */ = {isa = PBXFileReference; fileEncoding = 4; lastKnownFileType = sourcecode.c.objc; path = AboutVC.m; sourceTree = "<group>"; };
		18BC5C8317940AEC003E58B0 /* walkthrough.png */ = {isa = PBXFileReference; lastKnownFileType = image.png; path = walkthrough.png; sourceTree = "<group>"; };
		18BC5C8717940D9B003E58B0 /* profile_image.png */ = {isa = PBXFileReference; lastKnownFileType = image.png; path = profile_image.png; sourceTree = "<group>"; };
		18BC5C8917940E6E003E58B0 /* ProfileVC.h */ = {isa = PBXFileReference; fileEncoding = 4; lastKnownFileType = sourcecode.c.h; path = ProfileVC.h; sourceTree = "<group>"; };
		18BC5C8A17940E6E003E58B0 /* ProfileVC.m */ = {isa = PBXFileReference; fileEncoding = 4; lastKnownFileType = sourcecode.c.objc; path = ProfileVC.m; sourceTree = "<group>"; };
		18BCE17E1781993600BA7D89 /* issues_button_select@2x.png */ = {isa = PBXFileReference; lastKnownFileType = image.png; path = "issues_button_select@2x.png"; sourceTree = "<group>"; };
		18BCE17F1781993600BA7D89 /* issues_button@2x.png */ = {isa = PBXFileReference; lastKnownFileType = image.png; path = "issues_button@2x.png"; sourceTree = "<group>"; };
		18BCE18317819BDE00BA7D89 /* MyriadPro-Regular.otf */ = {isa = PBXFileReference; lastKnownFileType = file; path = "MyriadPro-Regular.otf"; sourceTree = "<group>"; };
		18BCE1861781A05300BA7D89 /* MyriadPro-Semibold.otf */ = {isa = PBXFileReference; lastKnownFileType = file; path = "MyriadPro-Semibold.otf"; sourceTree = "<group>"; };
		18BCE18D1781A2D400BA7D89 /* mapoverlay.png */ = {isa = PBXFileReference; lastKnownFileType = image.png; path = mapoverlay.png; sourceTree = "<group>"; };
		18BCE18E1781A2D400BA7D89 /* mapoverlay@2x.png */ = {isa = PBXFileReference; lastKnownFileType = image.png; path = "mapoverlay@2x.png"; sourceTree = "<group>"; };
		5C0462AC2F4744D1814BA6BE /* libPods.a */ = {isa = PBXFileReference; explicitFileType = archive.ar; includeInIndex = 0; path = libPods.a; sourceTree = BUILT_PRODUCTS_DIR; };
		FC1B056417A6790100712ED0 /* cross_button@2x.png */ = {isa = PBXFileReference; lastKnownFileType = image.png; path = "cross_button@2x.png"; sourceTree = "<group>"; };
		FC1B056617A6795500712ED0 /* profile_image@2x.png */ = {isa = PBXFileReference; lastKnownFileType = image.png; path = "profile_image@2x.png"; sourceTree = "<group>"; };
		FC1B056817A68AB900712ED0 /* SystemLevelVC.h */ = {isa = PBXFileReference; fileEncoding = 4; lastKnownFileType = sourcecode.c.h; path = SystemLevelVC.h; sourceTree = "<group>"; };
		FC1B056917A68AB900712ED0 /* SystemLevelVC.m */ = {isa = PBXFileReference; fileEncoding = 4; lastKnownFileType = sourcecode.c.objc; path = SystemLevelVC.m; sourceTree = "<group>"; };
		FC31D32E17900B0200F1A60B /* delhi.txt */ = {isa = PBXFileReference; fileEncoding = 4; lastKnownFileType = text; path = delhi.txt; sourceTree = "<group>"; };
		FC31D33017900E6800F1A60B /* CHCSVParser.h */ = {isa = PBXFileReference; fileEncoding = 4; lastKnownFileType = sourcecode.c.h; path = CHCSVParser.h; sourceTree = "<group>"; };
		FC31D33117900E6800F1A60B /* CHCSVParser.m */ = {isa = PBXFileReference; fileEncoding = 4; lastKnownFileType = sourcecode.c.objc; path = CHCSVParser.m; sourceTree = "<group>"; };
		FC31D333179025C200F1A60B /* locationCellBG.png */ = {isa = PBXFileReference; lastKnownFileType = image.png; path = locationCellBG.png; sourceTree = "<group>"; };
		FC31D3351790289000F1A60B /* LocationSearchCell.h */ = {isa = PBXFileReference; fileEncoding = 4; lastKnownFileType = sourcecode.c.h; path = LocationSearchCell.h; sourceTree = "<group>"; };
		FC31D3361790289000F1A60B /* LocationSearchCell.m */ = {isa = PBXFileReference; fileEncoding = 4; lastKnownFileType = sourcecode.c.objc; path = LocationSearchCell.m; sourceTree = "<group>"; };
		FC31D34517919E3C00F1A60B /* runningMan1.png */ = {isa = PBXFileReference; lastKnownFileType = image.png; path = runningMan1.png; sourceTree = "<group>"; };
		FC31D34617919E3C00F1A60B /* runningMan2.png */ = {isa = PBXFileReference; lastKnownFileType = image.png; path = runningMan2.png; sourceTree = "<group>"; };
		FC31D34717919E3C00F1A60B /* runningMan3.png */ = {isa = PBXFileReference; lastKnownFileType = image.png; path = runningMan3.png; sourceTree = "<group>"; };
		FC31D34817919E3C00F1A60B /* runningMan4.png */ = {isa = PBXFileReference; lastKnownFileType = image.png; path = runningMan4.png; sourceTree = "<group>"; };
		FC31D34917919E3C00F1A60B /* runningMan5.png */ = {isa = PBXFileReference; lastKnownFileType = image.png; path = runningMan5.png; sourceTree = "<group>"; };
		FC31D34A17919E3C00F1A60B /* runningMan6.png */ = {isa = PBXFileReference; lastKnownFileType = image.png; path = runningMan6.png; sourceTree = "<group>"; };
		FC31D34B17919E3C00F1A60B /* runningMan7.png */ = {isa = PBXFileReference; lastKnownFileType = image.png; path = runningMan7.png; sourceTree = "<group>"; };
		FC31D34C17919E3C00F1A60B /* runningMan8.png */ = {isa = PBXFileReference; lastKnownFileType = image.png; path = runningMan8.png; sourceTree = "<group>"; };
		FC31D34D17919E3C00F1A60B /* runningMan9.png */ = {isa = PBXFileReference; lastKnownFileType = image.png; path = runningMan9.png; sourceTree = "<group>"; };
		FC31D34E17919E3C00F1A60B /* runningMan10.png */ = {isa = PBXFileReference; lastKnownFileType = image.png; path = runningMan10.png; sourceTree = "<group>"; };
		FC31D34F17919E3C00F1A60B /* runningMan11.png */ = {isa = PBXFileReference; lastKnownFileType = image.png; path = runningMan11.png; sourceTree = "<group>"; };
		FC31D35017919E3C00F1A60B /* runningMan12.png */ = {isa = PBXFileReference; lastKnownFileType = image.png; path = runningMan12.png; sourceTree = "<group>"; };
		FC3B606B17844CF400953836 /* navbar_logo.png */ = {isa = PBXFileReference; lastKnownFileType = image.png; path = navbar_logo.png; sourceTree = "<group>"; };
		FC3B606E1784527200953836 /* leftSegmentOff.png */ = {isa = PBXFileReference; lastKnownFileType = image.png; path = leftSegmentOff.png; sourceTree = "<group>"; };
		FC3B606F1784527200953836 /* leftSegmentOn.png */ = {isa = PBXFileReference; lastKnownFileType = image.png; path = leftSegmentOn.png; sourceTree = "<group>"; };
		FC3B60701784527200953836 /* rightSegmentOff.png */ = {isa = PBXFileReference; lastKnownFileType = image.png; path = rightSegmentOff.png; sourceTree = "<group>"; };
		FC3B60711784527200953836 /* rightSegmentOn.png */ = {isa = PBXFileReference; lastKnownFileType = image.png; path = rightSegmentOn.png; sourceTree = "<group>"; };
		FC3B6076178456EF00953836 /* MyriadRegularLabel.h */ = {isa = PBXFileReference; fileEncoding = 4; lastKnownFileType = sourcecode.c.h; path = MyriadRegularLabel.h; sourceTree = "<group>"; };
		FC3B6077178456EF00953836 /* MyriadRegularLabel.m */ = {isa = PBXFileReference; fileEncoding = 4; lastKnownFileType = sourcecode.c.objc; path = MyriadRegularLabel.m; sourceTree = "<group>"; };
		FC3B607C1784574800953836 /* MyriadSemiboldLabel.h */ = {isa = PBXFileReference; fileEncoding = 4; lastKnownFileType = sourcecode.c.h; path = MyriadSemiboldLabel.h; sourceTree = "<group>"; };
		FC3B607D1784574800953836 /* MyriadSemiboldLabel.m */ = {isa = PBXFileReference; fileEncoding = 4; lastKnownFileType = sourcecode.c.objc; path = MyriadSemiboldLabel.m; sourceTree = "<group>"; };
		FC3B607F1784614000953836 /* OpenSansBold.h */ = {isa = PBXFileReference; fileEncoding = 4; lastKnownFileType = sourcecode.c.h; path = OpenSansBold.h; sourceTree = "<group>"; };
		FC3B60801784614000953836 /* OpenSansBold.m */ = {isa = PBXFileReference; fileEncoding = 4; lastKnownFileType = sourcecode.c.objc; path = OpenSansBold.m; sourceTree = "<group>"; };
		FC3B6082178461A100953836 /* OpenSansLight.h */ = {isa = PBXFileReference; fileEncoding = 4; lastKnownFileType = sourcecode.c.h; path = OpenSansLight.h; sourceTree = "<group>"; };
		FC3B6083178461A100953836 /* OpenSansLight.m */ = {isa = PBXFileReference; fileEncoding = 4; lastKnownFileType = sourcecode.c.objc; path = OpenSansLight.m; sourceTree = "<group>"; };
		FC3B6085178480B600953836 /* AnalyticsVC.h */ = {isa = PBXFileReference; fileEncoding = 4; lastKnownFileType = sourcecode.c.h; path = AnalyticsVC.h; sourceTree = "<group>"; };
		FC3B6086178480B600953836 /* AnalyticsVC.m */ = {isa = PBXFileReference; fileEncoding = 4; lastKnownFileType = sourcecode.c.objc; path = AnalyticsVC.m; sourceTree = "<group>"; };
		FC3B608817848E2500953836 /* bigEllipsBG.png */ = {isa = PBXFileReference; lastKnownFileType = image.png; path = bigEllipsBG.png; sourceTree = "<group>"; };
		FC3FFC1217A45E390036A8CC /* AnalyticsDetailVC.h */ = {isa = PBXFileReference; fileEncoding = 4; lastKnownFileType = sourcecode.c.h; path = AnalyticsDetailVC.h; sourceTree = "<group>"; };
		FC3FFC1317A45E390036A8CC /* AnalyticsDetailVC.m */ = {isa = PBXFileReference; fileEncoding = 4; lastKnownFileType = sourcecode.c.objc; path = AnalyticsDetailVC.m; sourceTree = "<group>"; };
		FC3FFC1517A45E6B0036A8CC /* AnalyticsCell.h */ = {isa = PBXFileReference; fileEncoding = 4; lastKnownFileType = sourcecode.c.h; path = AnalyticsCell.h; sourceTree = "<group>"; };
		FC3FFC1617A45E6B0036A8CC /* AnalyticsCell.m */ = {isa = PBXFileReference; fileEncoding = 4; lastKnownFileType = sourcecode.c.objc; path = AnalyticsCell.m; sourceTree = "<group>"; };
		FC49792C178F0DC40043B84A /* searchBG.png */ = {isa = PBXFileReference; lastKnownFileType = image.png; path = searchBG.png; sourceTree = "<group>"; };
		FC5309AA17A2A07B005466BF /* whiteCircle.png */ = {isa = PBXFileReference; lastKnownFileType = image.png; path = whiteCircle.png; sourceTree = "<group>"; };
		FC5CEDD417A4057400D43871 /* bangalore.txt */ = {isa = PBXFileReference; fileEncoding = 4; lastKnownFileType = text; path = bangalore.txt; sourceTree = "<group>"; };
		FC5CEDD817A41B0E00D43871 /* DSActivityView.h */ = {isa = PBXFileReference; fileEncoding = 4; lastKnownFileType = sourcecode.c.h; path = DSActivityView.h; sourceTree = "<group>"; };
		FC5CEDD917A41B0E00D43871 /* DSActivityView.m */ = {isa = PBXFileReference; fileEncoding = 4; lastKnownFileType = sourcecode.c.objc; path = DSActivityView.m; sourceTree = "<group>"; };
		FC5CEDDB17A4228800D43871 /* JSAPIInteracter.h */ = {isa = PBXFileReference; fileEncoding = 4; lastKnownFileType = sourcecode.c.h; path = JSAPIInteracter.h; sourceTree = "<group>"; };
		FC5CEDDC17A4228800D43871 /* JSAPIInteracter.m */ = {isa = PBXFileReference; fileEncoding = 4; lastKnownFileType = sourcecode.c.objc; path = JSAPIInteracter.m; sourceTree = "<group>"; };
		FC5CEDDE17A42EE700D43871 /* howItWorksButton.png */ = {isa = PBXFileReference; lastKnownFileType = image.png; path = howItWorksButton.png; sourceTree = "<group>"; };
		FC6FEEB3179E8FC300982188 /* Analytic+JSAPIAdditions.h */ = {isa = PBXFileReference; fileEncoding = 4; lastKnownFileType = sourcecode.c.h; path = "Analytic+JSAPIAdditions.h"; sourceTree = "<group>"; };
		FC6FEEB4179E8FC300982188 /* Analytic+JSAPIAdditions.m */ = {isa = PBXFileReference; fileEncoding = 4; lastKnownFileType = sourcecode.c.objc; path = "Analytic+JSAPIAdditions.m"; sourceTree = "<group>"; };
		FC6FEEB6179E984200982188 /* RestKitAdditions.h */ = {isa = PBXFileReference; fileEncoding = 4; lastKnownFileType = sourcecode.c.h; path = RestKitAdditions.h; sourceTree = "<group>"; };
		FC6FEEB7179EB0AE00982188 /* Analytic.h */ = {isa = PBXFileReference; fileEncoding = 4; lastKnownFileType = sourcecode.c.h; path = Analytic.h; sourceTree = "<group>"; };
		FC6FEEB8179EB0AE00982188 /* Analytic.m */ = {isa = PBXFileReference; fileEncoding = 4; lastKnownFileType = sourcecode.c.objc; path = Analytic.m; sourceTree = "<group>"; };
		FC9FC12B17A51FDA00B1E3F9 /* libTestFlight.a */ = {isa = PBXFileReference; lastKnownFileType = archive.ar; path = libTestFlight.a; sourceTree = "<group>"; };
		FC9FC12D17A51FED00B1E3F9 /* TestFlight.h */ = {isa = PBXFileReference; fileEncoding = 4; lastKnownFileType = sourcecode.c.h; path = TestFlight.h; sourceTree = "<group>"; };
		FC9FC12E17A5201800B1E3F9 /* libz.dylib */ = {isa = PBXFileReference; lastKnownFileType = "compiled.mach-o.dylib"; name = libz.dylib; path = usr/lib/libz.dylib; sourceTree = SDKROOT; };
		FCE1007A1786D5F7006FDB2E /* UICountingLabel.h */ = {isa = PBXFileReference; fileEncoding = 4; lastKnownFileType = sourcecode.c.h; path = UICountingLabel.h; sourceTree = "<group>"; };
		FCE1007B1786D5F7006FDB2E /* UICountingLabel.m */ = {isa = PBXFileReference; fileEncoding = 4; lastKnownFileType = sourcecode.c.objc; path = UICountingLabel.m; sourceTree = "<group>"; };
		FCE1007E178AE31C006FDB2E /* JSAPIInterface.h */ = {isa = PBXFileReference; fileEncoding = 4; lastKnownFileType = sourcecode.c.h; path = JSAPIInterface.h; sourceTree = "<group>"; };
		FCE1007F178AE31C006FDB2E /* JSAPIInterface.m */ = {isa = PBXFileReference; fileEncoding = 4; lastKnownFileType = sourcecode.c.objc; path = JSAPIInterface.m; sourceTree = "<group>"; };
		FCE10081178AE3CA006FDB2E /* Constants.h */ = {isa = PBXFileReference; fileEncoding = 4; lastKnownFileType = sourcecode.c.h; path = Constants.h; sourceTree = "<group>"; };
		FCE10082178AE3CA006FDB2E /* Constants.m */ = {isa = PBXFileReference; fileEncoding = 4; lastKnownFileType = sourcecode.c.objc; path = Constants.m; sourceTree = "<group>"; };
		FCE10084178AE6DC006FDB2E /* SystemConfiguration.framework */ = {isa = PBXFileReference; lastKnownFileType = wrapper.framework; name = SystemConfiguration.framework; path = System/Library/Frameworks/SystemConfiguration.framework; sourceTree = SDKROOT; };
		FCE10086178AE6FB006FDB2E /* MobileCoreServices.framework */ = {isa = PBXFileReference; lastKnownFileType = wrapper.framework; name = MobileCoreServices.framework; path = System/Library/Frameworks/MobileCoreServices.framework; sourceTree = SDKROOT; };
		FCE10089178AE81E006FDB2E /* Jansampark.xcdatamodel */ = {isa = PBXFileReference; lastKnownFileType = wrapper.xcdatamodel; path = Jansampark.xcdatamodel; sourceTree = "<group>"; };
		FCE1008B178AEC63006FDB2E /* JSModel.h */ = {isa = PBXFileReference; fileEncoding = 4; lastKnownFileType = sourcecode.c.h; path = JSModel.h; sourceTree = "<group>"; };
		FCE1008C178AEC63006FDB2E /* JSModel.m */ = {isa = PBXFileReference; fileEncoding = 4; lastKnownFileType = sourcecode.c.objc; path = JSModel.m; sourceTree = "<group>"; };
/* End PBXFileReference section */

/* Begin PBXFrameworksBuildPhase section */
		18456D85177987CA0045B75B /* Frameworks */ = {
			isa = PBXFrameworksBuildPhase;
			buildActionMask = 2147483647;
			files = (
				FC9FC12F17A5201800B1E3F9 /* libz.dylib in Frameworks */,
				1887BEC7178D552100EC5AB4 /* CoreLocation.framework in Frameworks */,
				FCE10087178AE6FB006FDB2E /* MobileCoreServices.framework in Frameworks */,
				FCE10085178AE6DC006FDB2E /* SystemConfiguration.framework in Frameworks */,
				1894AD51177DB346003538CE /* MapKit.framework in Frameworks */,
				18456D8C177987CA0045B75B /* UIKit.framework in Frameworks */,
				18456D8E177987CA0045B75B /* Foundation.framework in Frameworks */,
				18456D90177987CA0045B75B /* CoreGraphics.framework in Frameworks */,
				82594B018E3749D395BE314C /* libPods.a in Frameworks */,
				FC9FC12C17A51FDA00B1E3F9 /* libTestFlight.a in Frameworks */,
			);
			runOnlyForDeploymentPostprocessing = 0;
		};
/* End PBXFrameworksBuildPhase section */

/* Begin PBXGroup section */
		1822EC41178E9130006C1785 /* Issue Summary */ = {
			isa = PBXGroup;
			children = (
				18BC5C7C1793F2B2003E58B0 /* done_small_button.png */,
				1822EC42178E9141006C1785 /* another_complaint_button.png */,
				1822EC43178E9141006C1785 /* done_button.png */,
				1822EC44178E9141006C1785 /* summary_bg.png */,
				FC5309AA17A2A07B005466BF /* whiteCircle.png */,
			);
			name = "Issue Summary";
			sourceTree = "<group>";
		};
		182EF11D1782F94700F6F694 /* IssuesVC */ = {
			isa = PBXGroup;
			children = (
				1836446C178574580090C40E /* arrow_right.png */,
				1836444D178571ED0090C40E /* complaint_icon@2x.png */,
				1836444F178571ED0090C40E /* Electricity_banner@2x.png */,
				18364451178571ED0090C40E /* issue_icon@2x.png */,
				18364453178571ED0090C40E /* Law_banner@2x.png */,
				18364455178571ED0090C40E /* Road_banner@2x.png */,
				18364457178571ED0090C40E /* Sewage_banner@2x.png */,
				18364459178571ED0090C40E /* Transportation_banner@2x.png */,
				1836445B178571ED0090C40E /* Water_banner@2x.png */,
				182EF1201782F99F00F6F694 /* back_button@2x.png */,
			);
			name = IssuesVC;
			sourceTree = "<group>";
		};
		182EF11E1782F95400F6F694 /* IssuesVC */ = {
			isa = PBXGroup;
			children = (
				1836444C178571ED0090C40E /* complaint_icon.png */,
				1836444E178571ED0090C40E /* Electricity_banner.png */,
				18364450178571ED0090C40E /* issue_icon.png */,
				18364452178571ED0090C40E /* Law_banner.png */,
				18364454178571ED0090C40E /* Road_banner.png */,
				18364456178571ED0090C40E /* Sewage_banner.png */,
				18364458178571ED0090C40E /* Transportation_banner.png */,
				1836445A178571ED0090C40E /* Water_banner.png */,
				182EF11F1782F99F00F6F694 /* back_button.png */,
			);
			name = IssuesVC;
			sourceTree = "<group>";
		};
		182EF1271782FF2D00F6F694 /* Issues */ = {
			isa = PBXGroup;
			children = (
				18456DA6177987CA0045B75B /* JSViewController.h */,
				18456DA7177987CA0045B75B /* JSViewController.m */,
				182EF1281782FF5400F6F694 /* IssuesVC.h */,
				182EF1291782FF5400F6F694 /* IssuesVC.m */,
				FC1B056817A68AB900712ED0 /* SystemLevelVC.h */,
				FC1B056917A68AB900712ED0 /* SystemLevelVC.m */,
				182EF12B1783003B00F6F694 /* IssuesCell.h */,
				182EF12C1783003B00F6F694 /* IssuesCell.m */,
				18B457AD178485FB00DCA030 /* IssueDetailVC.h */,
				18B457AE178485FB00DCA030 /* IssueDetailVC.m */,
				1822EC48178E9A3C006C1785 /* IssueSummaryVC.h */,
				1822EC49178E9A3C006C1785 /* IssueSummaryVC.m */,
			);
			name = Issues;
			sourceTree = "<group>";
		};
		18305905177C51560065E6D1 /* Resources */ = {
			isa = PBXGroup;
			children = (
				18BCE18217819BD000BA7D89 /* fonts */,
				18305907177C516E0065E6D1 /* non-retina */,
				18305906177C51670065E6D1 /* retina */,
				1835D1C3178AC1C300435DB1 /* Category.plist */,
				FC31D32E17900B0200F1A60B /* delhi.txt */,
				FC5CEDD417A4057400D43871 /* bangalore.txt */,
			);
			name = Resources;
			path = Jansampark;
			sourceTree = "<group>";
		};
		18305906177C51670065E6D1 /* retina */ = {
			isa = PBXGroup;
			children = (
				FC31D34417919E3100F1A60B /* RunningMan */,
				1822EC41178E9130006C1785 /* Issue Summary */,
				18B45798178480CD00DCA030 /* Issue Detail */,
				FC3B606D1784526000953836 /* Analytics */,
				182EF11D1782F94700F6F694 /* IssuesVC */,
				1894AD57177DBF63003538CE /* Container */,
				1894AD3B177D8405003538CE /* home */,
				18305909177C517B0065E6D1 /* walkthrough */,
			);
			name = retina;
			sourceTree = "<group>";
		};
		18305907177C516E0065E6D1 /* non-retina */ = {
			isa = PBXGroup;
			children = (
				1836443117856CEC0090C40E /* analytics */,
				18B45797178480BE00DCA030 /* Issue Detail */,
				182EF11E1782F95400F6F694 /* IssuesVC */,
				1894AD56177DBF5C003538CE /* Container */,
				1894AD3A177D83EC003538CE /* home */,
				18305908177C51740065E6D1 /* walkthrough */,
			);
			name = "non-retina";
			sourceTree = "<group>";
		};
		18305908177C51740065E6D1 /* walkthrough */ = {
			isa = PBXGroup;
			children = (
				18BC5C8317940AEC003E58B0 /* walkthrough.png */,
			);
			name = walkthrough;
			sourceTree = "<group>";
		};
		18305909177C517B0065E6D1 /* walkthrough */ = {
			isa = PBXGroup;
			children = (
				FC5CEDDE17A42EE700D43871 /* howItWorksButton.png */,
			);
			name = walkthrough;
			sourceTree = "<group>";
		};
		1835D1C5178AE6E700435DB1 /* Model */ = {
			isa = PBXGroup;
			children = (
				FCE1008B178AEC63006FDB2E /* JSModel.h */,
				FCE1008C178AEC63006FDB2E /* JSModel.m */,
			);
			name = Model;
			sourceTree = "<group>";
		};
		1836443117856CEC0090C40E /* analytics */ = {
			isa = PBXGroup;
			children = (
				18A2E2291782E0160061E18D /* buttons */,
			);
			name = analytics;
			sourceTree = "<group>";
		};
		1836443217856D040090C40E /* buttons */ = {
			isa = PBXGroup;
			children = (
				1836443317856D240090C40E /* electricity_button1.png */,
				1836443517856D240090C40E /* law_button1.png */,
				1836443717856D240090C40E /* road_button1.png */,
				1836443917856D240090C40E /* sewage_button1.png */,
				1836443B17856D240090C40E /* transport_button1.png */,
				1836443D17856D240090C40E /* water_button1.png */,
			);
			name = buttons;
			sourceTree = "<group>";
		};
		1836444B17856D2B0090C40E /* buttons */ = {
			isa = PBXGroup;
			children = (
				FC1B056417A6790100712ED0 /* cross_button@2x.png */,
				18BC5C7E17940733003E58B0 /* cross_button.png */,
				1836443417856D240090C40E /* electricity_button1@2x.png */,
				1836443617856D240090C40E /* law_button1@2x.png */,
				1836443817856D240090C40E /* road_button1@2x.png */,
				1836443A17856D240090C40E /* sewage_button1@2x.png */,
				1836443C17856D240090C40E /* transport_button1@2x.png */,
				1836443E17856D240090C40E /* water_button1@2x.png */,
			);
			name = buttons;
			sourceTree = "<group>";
		};
		18456D7F177987CA0045B75B = {
			isa = PBXGroup;
			children = (
				18456D91177987CA0045B75B /* Jansampark */,
				18456D92177987CA0045B75B /* Supporting Files */,
				18305905177C51560065E6D1 /* Resources */,
				18456D8A177987CA0045B75B /* Frameworks */,
				18456D89177987CA0045B75B /* Products */,
				02EFC0802F2E4A2AB56CE7AF /* Pods.xcconfig */,
			);
			sourceTree = "<group>";
		};
		18456D89177987CA0045B75B /* Products */ = {
			isa = PBXGroup;
			children = (
				18456D88177987CA0045B75B /* Swaraj.app */,
			);
			name = Products;
			sourceTree = "<group>";
		};
		18456D8A177987CA0045B75B /* Frameworks */ = {
			isa = PBXGroup;
			children = (
				FC9FC12E17A5201800B1E3F9 /* libz.dylib */,
				FC9FC12B17A51FDA00B1E3F9 /* libTestFlight.a */,
				1887BEC6178D552100EC5AB4 /* CoreLocation.framework */,
				FCE10086178AE6FB006FDB2E /* MobileCoreServices.framework */,
				FCE10084178AE6DC006FDB2E /* SystemConfiguration.framework */,
				1894AD50177DB346003538CE /* MapKit.framework */,
				18456D8B177987CA0045B75B /* UIKit.framework */,
				18456D8D177987CA0045B75B /* Foundation.framework */,
				18456D8F177987CA0045B75B /* CoreGraphics.framework */,
				5C0462AC2F4744D1814BA6BE /* libPods.a */,
			);
			name = Frameworks;
			sourceTree = "<group>";
		};
		18456D91177987CA0045B75B /* Jansampark */ = {
			isa = PBXGroup;
			children = (
				188CDB9117818D1B004DFEA5 /* MainStoryboard.storyboard */,
				18456D9A177987CA0045B75B /* JSAppDelegate.h */,
				18456D9B177987CA0045B75B /* JSAppDelegate.m */,
				FCE10081178AE3CA006FDB2E /* Constants.h */,
				FCE10082178AE3CA006FDB2E /* Constants.m */,
				FCE1007D178AE2D5006FDB2E /* APIInterface */,
				1835D1C5178AE6E700435DB1 /* Model */,
				1894AD5D177DC0A1003538CE /* Container */,
				182EF1271782FF2D00F6F694 /* Issues */,
				FC3FFC1117A45DBD0036A8CC /* Analytics */,
				1894AD5C177DC08C003538CE /* Settings */,
				18BCE1881781A09800BA7D89 /* Custom Classes */,
				FC5CEDD617A41AF300D43871 /* Helpers */,
			);
			path = Jansampark;
			sourceTree = "<group>";
		};
		18456D92177987CA0045B75B /* Supporting Files */ = {
			isa = PBXGroup;
			children = (
				18456D93177987CA0045B75B /* Swaraj-Info.plist */,
				18456D94177987CA0045B75B /* InfoPlist.strings */,
				18456D97177987CA0045B75B /* main.m */,
				18456D99177987CA0045B75B /* Swaraj-Prefix.pch */,
				18456D9D177987CA0045B75B /* Default.png */,
				18456D9F177987CA0045B75B /* Default@2x.png */,
				18456DA1177987CA0045B75B /* Default-568h@2x.png */,
			);
			name = "Supporting Files";
			path = Jansampark;
			sourceTree = "<group>";
		};
		1894AD3A177D83EC003538CE /* home */ = {
			isa = PBXGroup;
			children = (
				1836443217856D040090C40E /* buttons */,
				18BCE18D1781A2D400BA7D89 /* mapoverlay.png */,
				1894AD52177DB6D2003538CE /* category_bg.png */,
				1894AD46177D842C003538CE /* annotation.png */,
				1894AD47177D842C003538CE /* info_button.png */,
				1894AD48177D842C003538CE /* navbar_bg.png */,
			);
			name = home;
			sourceTree = "<group>";
		};
		1894AD3B177D8405003538CE /* home */ = {
			isa = PBXGroup;
			children = (
				1836444B17856D2B0090C40E /* buttons */,
				18BCE18E1781A2D400BA7D89 /* mapoverlay@2x.png */,
				1894AD53177DB6D2003538CE /* category_bg@2x.png */,
				1894AD3C177D8421003538CE /* annotation@2x.png */,
				1894AD3D177D8421003538CE /* info_button@2x.png */,
				1894AD3E177D8421003538CE /* navbar_bg@2x.png */,
				FC3B606B17844CF400953836 /* navbar_logo.png */,
			);
			name = home;
			sourceTree = "<group>";
		};
		1894AD56177DBF5C003538CE /* Container */ = {
			isa = PBXGroup;
			children = (
				1826BFE117816F7800D59525 /* analytics_button_select.png */,
				1826BFE317816F7800D59525 /* analytics_button.png */,
				1826BFE517816F7800D59525 /* issues_button_select.png */,
				1826BFE717816F7800D59525 /* issues_button.png */,
				1894AD58177DBF6F003538CE /* tabbar_bg.png */,
			);
			name = Container;
			sourceTree = "<group>";
		};
		1894AD57177DBF63003538CE /* Container */ = {
			isa = PBXGroup;
			children = (
				FC1B056617A6795500712ED0 /* profile_image@2x.png */,
				18BC5C8717940D9B003E58B0 /* profile_image.png */,
				18BCE17E1781993600BA7D89 /* issues_button_select@2x.png */,
				18BCE17F1781993600BA7D89 /* issues_button@2x.png */,
				1826BFE217816F7800D59525 /* analytics_button_select@2x.png */,
				1826BFE417816F7800D59525 /* analytics_button@2x.png */,
				1894AD59177DBF6F003538CE /* tabbar_bg@2x.png */,
			);
			name = Container;
			sourceTree = "<group>";
		};
		1894AD5C177DC08C003538CE /* Settings */ = {
			isa = PBXGroup;
			children = (
				1830590E177C52690065E6D1 /* WalkthroughVC.h */,
				1830590F177C52690065E6D1 /* WalkthroughVC.m */,
				18BC5C80179407D5003E58B0 /* AboutVC.h */,
				18BC5C81179407D5003E58B0 /* AboutVC.m */,
				18BC5C8917940E6E003E58B0 /* ProfileVC.h */,
				18BC5C8A17940E6E003E58B0 /* ProfileVC.m */,
			);
			name = Settings;
			sourceTree = "<group>";
		};
		1894AD5D177DC0A1003538CE /* Container */ = {
			isa = PBXGroup;
			children = (
				1894AD5E177DC0BA003538CE /* ContainerVC.h */,
				1894AD5F177DC0BA003538CE /* ContainerVC.m */,
			);
			name = Container;
			sourceTree = "<group>";
		};
		18A2E2101782DFE50061E18D /* buttons */ = {
			isa = PBXGroup;
			children = (
				18A2E2121782E0130061E18D /* electricity_button@2x.png */,
				18A2E2141782E0130061E18D /* law_button@2x.png */,
				18A2E2161782E0130061E18D /* road_button@2x.png */,
				18A2E2181782E0130061E18D /* sewage_button@2x.png */,
				18A2E21A1782E0130061E18D /* transportation_button@2x.png */,
				18A2E21C1782E0130061E18D /* water_button@2x.png */,
			);
			name = buttons;
			sourceTree = "<group>";
		};
		18A2E2291782E0160061E18D /* buttons */ = {
			isa = PBXGroup;
			children = (
				18A2E2111782E0130061E18D /* electricity_button.png */,
				18A2E2131782E0130061E18D /* law_button.png */,
				18A2E2151782E0130061E18D /* road_button.png */,
				18A2E2171782E0130061E18D /* sewage_button.png */,
				18A2E2191782E0130061E18D /* transportation_button.png */,
				18A2E21B1782E0130061E18D /* water_button.png */,
			);
			name = buttons;
			sourceTree = "<group>";
		};
		18B45797178480BE00DCA030 /* Issue Detail */ = {
			isa = PBXGroup;
			children = (
				18B45799178480DD00DCA030 /* edit_button.png */,
				18B4579B178480DD00DCA030 /* photo_bg.png */,
				18B4579D178480DD00DCA030 /* post_button.png */,
				18B4579F178480DD00DCA030 /* remove_photo.png */,
				18B457A1178480DD00DCA030 /* retake_photo.png */,
			);
			name = "Issue Detail";
			sourceTree = "<group>";
		};
		18B45798178480CD00DCA030 /* Issue Detail */ = {
			isa = PBXGroup;
			children = (
				18BC5C7A1793F19E003E58B0 /* textview_bg.png */,
				18BC5C761793EABC003E58B0 /* post_small_button.png */,
				180D2F851786CA720031B524 /* add_description_button.png */,
				180D2F861786CA720031B524 /* attach_photo_button.png */,
				180D2F871786CA720031B524 /* take_photo_button.png */,
				18B4579A178480DD00DCA030 /* edit_button@2x.png */,
				18B4579C178480DD00DCA030 /* photo_bg@2x.png */,
				18B4579E178480DD00DCA030 /* post_button@2x.png */,
				18B457A0178480DD00DCA030 /* remove_photo@2x.png */,
				18B457A2178480DD00DCA030 /* retake_photo@2x.png */,
			);
			name = "Issue Detail";
			sourceTree = "<group>";
		};
		18BCE18217819BD000BA7D89 /* fonts */ = {
			isa = PBXGroup;
			children = (
				18983AD61796B6BD00DF80F1 /* MyriadPro-BoldIt.otf */,
				18B4579217847F0A00DCA030 /* MyriadPro-Bold.otf */,
				182EF1191782E38E00F6F694 /* OpenSans-Bold.ttf */,
				182EF11A1782E38E00F6F694 /* OpenSans-Light.ttf */,
				18BCE1861781A05300BA7D89 /* MyriadPro-Semibold.otf */,
				18BCE18317819BDE00BA7D89 /* MyriadPro-Regular.otf */,
			);
			name = fonts;
			sourceTree = "<group>";
		};
		18BCE1881781A09800BA7D89 /* Custom Classes */ = {
			isa = PBXGroup;
			children = (
				FC31D33017900E6800F1A60B /* CHCSVParser.h */,
				FC31D33117900E6800F1A60B /* CHCSVParser.m */,
				FCE1007A1786D5F7006FDB2E /* UICountingLabel.h */,
				FCE1007B1786D5F7006FDB2E /* UICountingLabel.m */,
				FC3B607C1784574800953836 /* MyriadSemiboldLabel.h */,
				FC3B607D1784574800953836 /* MyriadSemiboldLabel.m */,
				FC3B607F1784614000953836 /* OpenSansBold.h */,
				FC3B60801784614000953836 /* OpenSansBold.m */,
				FC3B6082178461A100953836 /* OpenSansLight.h */,
				FC3B6083178461A100953836 /* OpenSansLight.m */,
				FC3B6076178456EF00953836 /* MyriadRegularLabel.h */,
				FC3B6077178456EF00953836 /* MyriadRegularLabel.m */,
				18B4579417847F5100DCA030 /* MyriadBoldLabel.h */,
				18B4579517847F5100DCA030 /* MyriadBoldLabel.m */,
				18983AD81796B71500DF80F1 /* MyriadBoldItLabel.h */,
				18983AD91796B71500DF80F1 /* MyriadBoldItLabel.m */,
			);
			name = "Custom Classes";
			sourceTree = "<group>";
		};
		FC31D34417919E3100F1A60B /* RunningMan */ = {
			isa = PBXGroup;
			children = (
				FC31D34517919E3C00F1A60B /* runningMan1.png */,
				FC31D34617919E3C00F1A60B /* runningMan2.png */,
				FC31D34717919E3C00F1A60B /* runningMan3.png */,
				FC31D34817919E3C00F1A60B /* runningMan4.png */,
				FC31D34917919E3C00F1A60B /* runningMan5.png */,
				FC31D34A17919E3C00F1A60B /* runningMan6.png */,
				FC31D34B17919E3C00F1A60B /* runningMan7.png */,
				FC31D34C17919E3C00F1A60B /* runningMan8.png */,
				FC31D34D17919E3C00F1A60B /* runningMan9.png */,
				FC31D34E17919E3C00F1A60B /* runningMan10.png */,
				FC31D34F17919E3C00F1A60B /* runningMan11.png */,
				FC31D35017919E3C00F1A60B /* runningMan12.png */,
			);
			name = RunningMan;
			sourceTree = "<group>";
		};
		FC3B606D1784526000953836 /* Analytics */ = {
			isa = PBXGroup;
			children = (
				FC31D333179025C200F1A60B /* locationCellBG.png */,
				FC49792C178F0DC40043B84A /* searchBG.png */,
				18A2E2101782DFE50061E18D /* buttons */,
				FC3B608817848E2500953836 /* bigEllipsBG.png */,
				FC3B606E1784527200953836 /* leftSegmentOff.png */,
				FC3B606F1784527200953836 /* leftSegmentOn.png */,
				FC3B60701784527200953836 /* rightSegmentOff.png */,
				FC3B60711784527200953836 /* rightSegmentOn.png */,
			);
			name = Analytics;
			sourceTree = "<group>";
		};
		FC3FFC1117A45DBD0036A8CC /* Analytics */ = {
			isa = PBXGroup;
			children = (
				FC3B6085178480B600953836 /* AnalyticsVC.h */,
				FC3B6086178480B600953836 /* AnalyticsVC.m */,
				FC31D3351790289000F1A60B /* LocationSearchCell.h */,
				FC31D3361790289000F1A60B /* LocationSearchCell.m */,
				FC3FFC1217A45E390036A8CC /* AnalyticsDetailVC.h */,
				FC3FFC1317A45E390036A8CC /* AnalyticsDetailVC.m */,
				FC3FFC1517A45E6B0036A8CC /* AnalyticsCell.h */,
				FC3FFC1617A45E6B0036A8CC /* AnalyticsCell.m */,
			);
			name = Analytics;
			sourceTree = "<group>";
		};
		FC5CEDD617A41AF300D43871 /* Helpers */ = {
			isa = PBXGroup;
			children = (
				FC9FC12D17A51FED00B1E3F9 /* TestFlight.h */,
				FC5CEDD717A41AF900D43871 /* DSActivityView */,
			);
			name = Helpers;
			sourceTree = "<group>";
		};
		FC5CEDD717A41AF900D43871 /* DSActivityView */ = {
			isa = PBXGroup;
			children = (
				FC5CEDD817A41B0E00D43871 /* DSActivityView.h */,
				FC5CEDD917A41B0E00D43871 /* DSActivityView.m */,
			);
			name = DSActivityView;
			sourceTree = "<group>";
		};
		FC6FEEB1179E8F9500982188 /* Entities */ = {
			isa = PBXGroup;
			children = (
				FC6FEEB7179EB0AE00982188 /* Analytic.h */,
				FC6FEEB8179EB0AE00982188 /* Analytic.m */,
				1822EC4B178EC1FE006C1785 /* MLA.h */,
				1822EC4C178EC1FE006C1785 /* MLA.m */,
			);
			name = Entities;
			sourceTree = "<group>";
		};
		FC6FEEB2179E8F9F00982188 /* CoreDataCategories */ = {
			isa = PBXGroup;
			children = (
				FC6FEEB3179E8FC300982188 /* Analytic+JSAPIAdditions.h */,
				FC6FEEB4179E8FC300982188 /* Analytic+JSAPIAdditions.m */,
				1822EC4E178EC266006C1785 /* MLA+JSAPIAdditions.h */,
				1822EC4F178EC266006C1785 /* MLA+JSAPIAdditions.m */,
			);
			name = CoreDataCategories;
			sourceTree = "<group>";
		};
		FCE1007D178AE2D5006FDB2E /* APIInterface */ = {
			isa = PBXGroup;
			children = (
				FC6FEEB2179E8F9F00982188 /* CoreDataCategories */,
				FC6FEEB1179E8F9500982188 /* Entities */,
				FCE1007E178AE31C006FDB2E /* JSAPIInterface.h */,
				FCE1007F178AE31C006FDB2E /* JSAPIInterface.m */,
				FC6FEEB6179E984200982188 /* RestKitAdditions.h */,
				FCE10088178AE81E006FDB2E /* Jansampark.xcdatamodeld */,
				FC5CEDDB17A4228800D43871 /* JSAPIInteracter.h */,
				FC5CEDDC17A4228800D43871 /* JSAPIInteracter.m */,
			);
			name = APIInterface;
			sourceTree = "<group>";
		};
/* End PBXGroup section */

/* Begin PBXNativeTarget section */
		18456D87177987CA0045B75B /* Swaraj */ = {
			isa = PBXNativeTarget;
			buildConfigurationList = 18456DAB177987CA0045B75B /* Build configuration list for PBXNativeTarget "Swaraj" */;
			buildPhases = (
				A63B8F9E4A3D4732A48204BF /* Check Pods Manifest.lock */,
				18456D84177987CA0045B75B /* Sources */,
				18456D85177987CA0045B75B /* Frameworks */,
				18456D86177987CA0045B75B /* Resources */,
				4F080758AED940E082AB2867 /* Copy Pods Resources */,
			);
			buildRules = (
			);
			dependencies = (
			);
			name = Swaraj;
			productName = Jansampark;
			productReference = 18456D88177987CA0045B75B /* Swaraj.app */;
			productType = "com.apple.product-type.application";
		};
/* End PBXNativeTarget section */

/* Begin PBXProject section */
		18456D80177987CA0045B75B /* Project object */ = {
			isa = PBXProject;
			attributes = {
				CLASSPREFIX = JS;
				LastUpgradeCheck = 0460;
				ORGANIZATIONNAME = Grappus;
			};
			buildConfigurationList = 18456D83177987CA0045B75B /* Build configuration list for PBXProject "Swaraj" */;
			compatibilityVersion = "Xcode 3.2";
			developmentRegion = English;
			hasScannedForEncodings = 0;
			knownRegions = (
				en,
			);
			mainGroup = 18456D7F177987CA0045B75B;
			productRefGroup = 18456D89177987CA0045B75B /* Products */;
			projectDirPath = "";
			projectRoot = "";
			targets = (
				18456D87177987CA0045B75B /* Swaraj */,
			);
		};
/* End PBXProject section */

/* Begin PBXResourcesBuildPhase section */
		18456D86177987CA0045B75B /* Resources */ = {
			isa = PBXResourcesBuildPhase;
			buildActionMask = 2147483647;
			files = (
				18456D96177987CA0045B75B /* InfoPlist.strings in Resources */,
				18456D9E177987CA0045B75B /* Default.png in Resources */,
				18456DA0177987CA0045B75B /* Default@2x.png in Resources */,
				18456DA2177987CA0045B75B /* Default-568h@2x.png in Resources */,
				1894AD41177D8421003538CE /* annotation@2x.png in Resources */,
				1894AD42177D8421003538CE /* info_button@2x.png in Resources */,
				1894AD43177D8421003538CE /* navbar_bg@2x.png in Resources */,
				1894AD4B177D842C003538CE /* annotation.png in Resources */,
				1894AD4C177D842C003538CE /* info_button.png in Resources */,
				1894AD4D177D842C003538CE /* navbar_bg.png in Resources */,
				1894AD54177DB6D2003538CE /* category_bg.png in Resources */,
				1894AD55177DB6D2003538CE /* category_bg@2x.png in Resources */,
				1894AD5A177DBF6F003538CE /* tabbar_bg.png in Resources */,
				1894AD5B177DBF6F003538CE /* tabbar_bg@2x.png in Resources */,
				1826BFE917816F7800D59525 /* analytics_button_select.png in Resources */,
				1826BFEA17816F7800D59525 /* analytics_button_select@2x.png in Resources */,
				1826BFEB17816F7800D59525 /* analytics_button.png in Resources */,
				1826BFEC17816F7800D59525 /* analytics_button@2x.png in Resources */,
				1826BFED17816F7800D59525 /* issues_button_select.png in Resources */,
				1826BFEF17816F7800D59525 /* issues_button.png in Resources */,
				188CDB9317818D1B004DFEA5 /* MainStoryboard.storyboard in Resources */,
				18BCE1801781993600BA7D89 /* issues_button_select@2x.png in Resources */,
				18BCE1811781993600BA7D89 /* issues_button@2x.png in Resources */,
				18BCE18417819BDE00BA7D89 /* MyriadPro-Regular.otf in Resources */,
				18BCE1871781A05300BA7D89 /* MyriadPro-Semibold.otf in Resources */,
				18BCE18F1781A2D400BA7D89 /* mapoverlay.png in Resources */,
				18BCE1901781A2D400BA7D89 /* mapoverlay@2x.png in Resources */,
				18A2E21D1782E0130061E18D /* electricity_button.png in Resources */,
				18A2E21E1782E0130061E18D /* electricity_button@2x.png in Resources */,
				18A2E21F1782E0130061E18D /* law_button.png in Resources */,
				18A2E2201782E0130061E18D /* law_button@2x.png in Resources */,
				18A2E2211782E0130061E18D /* road_button.png in Resources */,
				18A2E2221782E0130061E18D /* road_button@2x.png in Resources */,
				18A2E2231782E0130061E18D /* sewage_button.png in Resources */,
				18A2E2241782E0130061E18D /* sewage_button@2x.png in Resources */,
				18A2E2251782E0130061E18D /* transportation_button.png in Resources */,
				18A2E2261782E0130061E18D /* transportation_button@2x.png in Resources */,
				18A2E2271782E0130061E18D /* water_button.png in Resources */,
				18A2E2281782E0130061E18D /* water_button@2x.png in Resources */,
				182EF11B1782E38E00F6F694 /* OpenSans-Bold.ttf in Resources */,
				182EF11C1782E38E00F6F694 /* OpenSans-Light.ttf in Resources */,
				182EF1231782F99F00F6F694 /* back_button.png in Resources */,
				182EF1241782F99F00F6F694 /* back_button@2x.png in Resources */,
				FC3B606C17844CF400953836 /* navbar_logo.png in Resources */,
				FC3B60721784527200953836 /* leftSegmentOff.png in Resources */,
				FC3B60731784527200953836 /* leftSegmentOn.png in Resources */,
				FC3B60741784527200953836 /* rightSegmentOff.png in Resources */,
				FC3B60751784527200953836 /* rightSegmentOn.png in Resources */,
				FC3B608917848E2500953836 /* bigEllipsBG.png in Resources */,
				18B4579317847F0A00DCA030 /* MyriadPro-Bold.otf in Resources */,
				18B457A3178480DD00DCA030 /* edit_button.png in Resources */,
				18B457A4178480DD00DCA030 /* edit_button@2x.png in Resources */,
				18B457A5178480DD00DCA030 /* photo_bg.png in Resources */,
				18B457A6178480DD00DCA030 /* photo_bg@2x.png in Resources */,
				18B457A7178480DD00DCA030 /* post_button.png in Resources */,
				18B457A8178480DD00DCA030 /* post_button@2x.png in Resources */,
				18B457A9178480DD00DCA030 /* remove_photo.png in Resources */,
				18B457AA178480DD00DCA030 /* remove_photo@2x.png in Resources */,
				18B457AB178480DD00DCA030 /* retake_photo.png in Resources */,
				18B457AC178480DD00DCA030 /* retake_photo@2x.png in Resources */,
				1836443F17856D240090C40E /* electricity_button1.png in Resources */,
				1836444017856D240090C40E /* electricity_button1@2x.png in Resources */,
				1836444117856D240090C40E /* law_button1.png in Resources */,
				1836444217856D240090C40E /* law_button1@2x.png in Resources */,
				1836444317856D240090C40E /* road_button1.png in Resources */,
				1836444417856D240090C40E /* road_button1@2x.png in Resources */,
				1836444517856D240090C40E /* sewage_button1.png in Resources */,
				1836444617856D240090C40E /* sewage_button1@2x.png in Resources */,
				1836444717856D240090C40E /* transport_button1.png in Resources */,
				1836444817856D240090C40E /* transport_button1@2x.png in Resources */,
				1836444917856D240090C40E /* water_button1.png in Resources */,
				1836444A17856D240090C40E /* water_button1@2x.png in Resources */,
				1836445C178571ED0090C40E /* complaint_icon.png in Resources */,
				1836445D178571ED0090C40E /* complaint_icon@2x.png in Resources */,
				1836445E178571ED0090C40E /* Electricity_banner.png in Resources */,
				1836445F178571ED0090C40E /* Electricity_banner@2x.png in Resources */,
				18364460178571ED0090C40E /* issue_icon.png in Resources */,
				18364461178571ED0090C40E /* issue_icon@2x.png in Resources */,
				18364462178571ED0090C40E /* Law_banner.png in Resources */,
				18364463178571ED0090C40E /* Law_banner@2x.png in Resources */,
				18364464178571ED0090C40E /* Road_banner.png in Resources */,
				18364465178571ED0090C40E /* Road_banner@2x.png in Resources */,
				18364466178571ED0090C40E /* Sewage_banner.png in Resources */,
				18364467178571ED0090C40E /* Sewage_banner@2x.png in Resources */,
				18364468178571ED0090C40E /* Transportation_banner.png in Resources */,
				18364469178571ED0090C40E /* Transportation_banner@2x.png in Resources */,
				1836446A178571ED0090C40E /* Water_banner.png in Resources */,
				1836446B178571ED0090C40E /* Water_banner@2x.png in Resources */,
				1836446D178574580090C40E /* arrow_right.png in Resources */,
				180D2F881786CA720031B524 /* add_description_button.png in Resources */,
				180D2F891786CA720031B524 /* attach_photo_button.png in Resources */,
				180D2F8A1786CA720031B524 /* take_photo_button.png in Resources */,
				1835D1C4178AC1C300435DB1 /* Category.plist in Resources */,
				1822EC45178E9141006C1785 /* another_complaint_button.png in Resources */,
				1822EC46178E9141006C1785 /* done_button.png in Resources */,
				1822EC47178E9141006C1785 /* summary_bg.png in Resources */,
				FC49792D178F0DC40043B84A /* searchBG.png in Resources */,
				FC31D32F17900B0200F1A60B /* delhi.txt in Resources */,
				FC31D334179025C200F1A60B /* locationCellBG.png in Resources */,
				FC31D35117919E3C00F1A60B /* runningMan1.png in Resources */,
				FC31D35217919E3C00F1A60B /* runningMan2.png in Resources */,
				FC31D35317919E3C00F1A60B /* runningMan3.png in Resources */,
				FC31D35417919E3C00F1A60B /* runningMan4.png in Resources */,
				FC31D35517919E3C00F1A60B /* runningMan5.png in Resources */,
				FC31D35617919E3C00F1A60B /* runningMan6.png in Resources */,
				FC31D35717919E3C00F1A60B /* runningMan7.png in Resources */,
				FC31D35817919E3C00F1A60B /* runningMan8.png in Resources */,
				FC31D35917919E3C00F1A60B /* runningMan9.png in Resources */,
				FC31D35A17919E3C00F1A60B /* runningMan10.png in Resources */,
				FC31D35B17919E3C00F1A60B /* runningMan11.png in Resources */,
				FC31D35C17919E3C00F1A60B /* runningMan12.png in Resources */,
				18BC5C771793EABC003E58B0 /* post_small_button.png in Resources */,
				18BC5C7B1793F19E003E58B0 /* textview_bg.png in Resources */,
				18BC5C7D1793F2B2003E58B0 /* done_small_button.png in Resources */,
				18BC5C7F17940733003E58B0 /* cross_button.png in Resources */,
				18BC5C8517940AEC003E58B0 /* walkthrough.png in Resources */,
				18BC5C8817940D9B003E58B0 /* profile_image.png in Resources */,
				18983AD71796B6BD00DF80F1 /* MyriadPro-BoldIt.otf in Resources */,
				FC5309AB17A2A07B005466BF /* whiteCircle.png in Resources */,
				FC5CEDD517A4057400D43871 /* bangalore.txt in Resources */,
				FC5CEDDF17A42EE700D43871 /* howItWorksButton.png in Resources */,
				FC1B056517A6790100712ED0 /* cross_button@2x.png in Resources */,
				FC1B056717A6795500712ED0 /* profile_image@2x.png in Resources */,
			);
			runOnlyForDeploymentPostprocessing = 0;
		};
/* End PBXResourcesBuildPhase section */

/* Begin PBXShellScriptBuildPhase section */
		4F080758AED940E082AB2867 /* Copy Pods Resources */ = {
			isa = PBXShellScriptBuildPhase;
			buildActionMask = 2147483647;
			files = (
			);
			inputPaths = (
			);
			name = "Copy Pods Resources";
			outputPaths = (
			);
			runOnlyForDeploymentPostprocessing = 0;
			shellPath = /bin/sh;
			shellScript = "\"${SRCROOT}/Pods/Pods-resources.sh\"\n";
		};
		A63B8F9E4A3D4732A48204BF /* Check Pods Manifest.lock */ = {
			isa = PBXShellScriptBuildPhase;
			buildActionMask = 2147483647;
			files = (
			);
			inputPaths = (
			);
			name = "Check Pods Manifest.lock";
			outputPaths = (
			);
			runOnlyForDeploymentPostprocessing = 0;
			shellPath = /bin/sh;
			shellScript = "diff \"${PODS_ROOT}/../Podfile.lock\" \"${PODS_ROOT}/Manifest.lock\" > /dev/null\nif [[ $? != 0 ]] ; then\n    cat << EOM\nerror: The sandbox is not in sync with the Podfile.lock. Run 'pod install' or update your CocoaPods installation.\nEOM\n    exit 1\nfi\n";
		};
/* End PBXShellScriptBuildPhase section */

/* Begin PBXSourcesBuildPhase section */
		18456D84177987CA0045B75B /* Sources */ = {
			isa = PBXSourcesBuildPhase;
			buildActionMask = 2147483647;
			files = (
				18456D98177987CA0045B75B /* main.m in Sources */,
				18456D9C177987CA0045B75B /* JSAppDelegate.m in Sources */,
				18456DA8177987CA0045B75B /* JSViewController.m in Sources */,
				18305910177C52690065E6D1 /* WalkthroughVC.m in Sources */,
				1894AD60177DC0BA003538CE /* ContainerVC.m in Sources */,
				182EF12A1782FF5400F6F694 /* IssuesVC.m in Sources */,
				182EF12D1783003B00F6F694 /* IssuesCell.m in Sources */,
				FC3B6078178456EF00953836 /* MyriadRegularLabel.m in Sources */,
				FC3B607E1784574800953836 /* MyriadSemiboldLabel.m in Sources */,
				FC3B60811784614000953836 /* OpenSansBold.m in Sources */,
				FC3B6084178461A100953836 /* OpenSansLight.m in Sources */,
				FC3B6087178480B600953836 /* AnalyticsVC.m in Sources */,
				18B4579617847F5100DCA030 /* MyriadBoldLabel.m in Sources */,
				18B457AF178485FB00DCA030 /* IssueDetailVC.m in Sources */,
				FCE1007C1786D5F7006FDB2E /* UICountingLabel.m in Sources */,
				FCE10080178AE31C006FDB2E /* JSAPIInterface.m in Sources */,
				FCE10083178AE3CA006FDB2E /* Constants.m in Sources */,
				FCE1008A178AE81E006FDB2E /* Jansampark.xcdatamodeld in Sources */,
				FCE1008D178AEC63006FDB2E /* JSModel.m in Sources */,
				1822EC4A178E9A3C006C1785 /* IssueSummaryVC.m in Sources */,
				1822EC4D178EC1FE006C1785 /* MLA.m in Sources */,
				1822EC50178EC266006C1785 /* MLA+JSAPIAdditions.m in Sources */,
				FC31D33217900E6800F1A60B /* CHCSVParser.m in Sources */,
				FC31D3371790289000F1A60B /* LocationSearchCell.m in Sources */,
				18BC5C82179407D5003E58B0 /* AboutVC.m in Sources */,
				18BC5C8B17940E6E003E58B0 /* ProfileVC.m in Sources */,
				18983ADA1796B71500DF80F1 /* MyriadBoldItLabel.m in Sources */,
				FC6FEEB5179E8FC300982188 /* Analytic+JSAPIAdditions.m in Sources */,
				FC6FEEB9179EB0AE00982188 /* Analytic.m in Sources */,
				FC5CEDDA17A41B0E00D43871 /* DSActivityView.m in Sources */,
				FC5CEDDD17A4228900D43871 /* JSAPIInteracter.m in Sources */,
				FC3FFC1417A45E390036A8CC /* AnalyticsDetailVC.m in Sources */,
				FC3FFC1717A45E6B0036A8CC /* AnalyticsCell.m in Sources */,
				FC1B056A17A68AB900712ED0 /* SystemLevelVC.m in Sources */,
			);
			runOnlyForDeploymentPostprocessing = 0;
		};
/* End PBXSourcesBuildPhase section */

/* Begin PBXVariantGroup section */
		18456D94177987CA0045B75B /* InfoPlist.strings */ = {
			isa = PBXVariantGroup;
			children = (
				18456D95177987CA0045B75B /* en */,
			);
			name = InfoPlist.strings;
			sourceTree = "<group>";
		};
		188CDB9117818D1B004DFEA5 /* MainStoryboard.storyboard */ = {
			isa = PBXVariantGroup;
			children = (
				188CDB9217818D1B004DFEA5 /* en */,
			);
			name = MainStoryboard.storyboard;
			sourceTree = "<group>";
		};
/* End PBXVariantGroup section */

/* Begin XCBuildConfiguration section */
		18456DA9177987CA0045B75B /* Debug */ = {
			isa = XCBuildConfiguration;
			buildSettings = {
				ALWAYS_SEARCH_USER_PATHS = NO;
				CLANG_CXX_LANGUAGE_STANDARD = "gnu++0x";
				CLANG_CXX_LIBRARY = "libc++";
				CLANG_ENABLE_OBJC_ARC = YES;
				CLANG_WARN_CONSTANT_CONVERSION = YES;
				CLANG_WARN_EMPTY_BODY = YES;
				CLANG_WARN_ENUM_CONVERSION = YES;
				CLANG_WARN_INT_CONVERSION = YES;
				CLANG_WARN__DUPLICATE_METHOD_MATCH = YES;
				"CODE_SIGN_IDENTITY[sdk=iphoneos*]" = "iPhone Developer";
				COPY_PHASE_STRIP = NO;
				GCC_C_LANGUAGE_STANDARD = gnu99;
				GCC_DYNAMIC_NO_PIC = NO;
				GCC_OPTIMIZATION_LEVEL = 0;
				GCC_PREPROCESSOR_DEFINITIONS = (
					"DEBUG=1",
					"$(inherited)",
				);
				GCC_SYMBOLS_PRIVATE_EXTERN = NO;
				GCC_WARN_ABOUT_RETURN_TYPE = YES;
				GCC_WARN_UNINITIALIZED_AUTOS = YES;
				GCC_WARN_UNUSED_VARIABLE = YES;
				IPHONEOS_DEPLOYMENT_TARGET = 6.1;
				ONLY_ACTIVE_ARCH = YES;
				SDKROOT = iphoneos;
			};
			name = Debug;
		};
		18456DAA177987CA0045B75B /* Release */ = {
			isa = XCBuildConfiguration;
			buildSettings = {
				ALWAYS_SEARCH_USER_PATHS = NO;
				CLANG_CXX_LANGUAGE_STANDARD = "gnu++0x";
				CLANG_CXX_LIBRARY = "libc++";
				CLANG_ENABLE_OBJC_ARC = YES;
				CLANG_WARN_CONSTANT_CONVERSION = YES;
				CLANG_WARN_EMPTY_BODY = YES;
				CLANG_WARN_ENUM_CONVERSION = YES;
				CLANG_WARN_INT_CONVERSION = YES;
				CLANG_WARN__DUPLICATE_METHOD_MATCH = YES;
				"CODE_SIGN_IDENTITY[sdk=iphoneos*]" = "iPhone Developer";
				COPY_PHASE_STRIP = YES;
				GCC_C_LANGUAGE_STANDARD = gnu99;
				GCC_WARN_ABOUT_RETURN_TYPE = YES;
				GCC_WARN_UNINITIALIZED_AUTOS = YES;
				GCC_WARN_UNUSED_VARIABLE = YES;
				IPHONEOS_DEPLOYMENT_TARGET = 6.1;
				OTHER_CFLAGS = "-DNS_BLOCK_ASSERTIONS=1";
				SDKROOT = iphoneos;
				VALIDATE_PRODUCT = YES;
			};
			name = Release;
		};
		18456DAC177987CA0045B75B /* Debug */ = {
			isa = XCBuildConfiguration;
			baseConfigurationReference = 02EFC0802F2E4A2AB56CE7AF /* Pods.xcconfig */;
			buildSettings = {
				CODE_SIGN_IDENTITY = "iPhone Developer: Dhruv Goel (T25G8T4G34)";
				"CODE_SIGN_IDENTITY[sdk=iphoneos*]" = "iPhone Developer: Dhruv Goel (T25G8T4G34)";
				GCC_PRECOMPILE_PREFIX_HEADER = YES;
				GCC_PREFIX_HEADER = "Jansampark/Swaraj-Prefix.pch";
				INFOPLIST_FILE = "Jansampark/Swaraj-Info.plist";
				LIBRARY_SEARCH_PATHS = (
					"$(inherited)",
					"\"$(LOCAL_LIBRARY_DIR)/WebServer/Documents/clients/Grappus/Jansampark\"",
				);
				PRODUCT_NAME = Swaraj;
				PROVISIONING_PROFILE = "1863DD86-99B3-42C1-9846-8487E6F65E69";
				"PROVISIONING_PROFILE[sdk=iphoneos*]" = "1863DD86-99B3-42C1-9846-8487E6F65E69";
				WRAPPER_EXTENSION = app;
			};
			name = Debug;
		};
		18456DAD177987CA0045B75B /* Release */ = {
			isa = XCBuildConfiguration;
			baseConfigurationReference = 02EFC0802F2E4A2AB56CE7AF /* Pods.xcconfig */;
			buildSettings = {
				CODE_SIGN_IDENTITY = "iPhone Distribution: Dhruv Goel (XMT2EHZ7LF)";
				"CODE_SIGN_IDENTITY[sdk=iphoneos*]" = "iPhone Distribution: Dhruv Goel (XMT2EHZ7LF)";
				GCC_PRECOMPILE_PREFIX_HEADER = YES;
				GCC_PREFIX_HEADER = "Jansampark/Swaraj-Prefix.pch";
				INFOPLIST_FILE = "Jansampark/Swaraj-Info.plist";
				LIBRARY_SEARCH_PATHS = (
					"$(inherited)",
					"\"$(LOCAL_LIBRARY_DIR)/WebServer/Documents/clients/Grappus/Jansampark\"",
				);
				PRODUCT_NAME = Swaraj;
				PROVISIONING_PROFILE = "1025538D-1DAF-47CC-997C-A9338F8A5522";
				"PROVISIONING_PROFILE[sdk=iphoneos*]" = "1025538D-1DAF-47CC-997C-A9338F8A5522";
				WRAPPER_EXTENSION = app;
			};
			name = Release;
		};
/* End XCBuildConfiguration section */

/* Begin XCConfigurationList section */
		18456D83177987CA0045B75B /* Build configuration list for PBXProject "Swaraj" */ = {
			isa = XCConfigurationList;
			buildConfigurations = (
				18456DA9177987CA0045B75B /* Debug */,
				18456DAA177987CA0045B75B /* Release */,
			);
			defaultConfigurationIsVisible = 0;
			defaultConfigurationName = Release;
		};
		18456DAB177987CA0045B75B /* Build configuration list for PBXNativeTarget "Swaraj" */ = {
			isa = XCConfigurationList;
			buildConfigurations = (
				18456DAC177987CA0045B75B /* Debug */,
				18456DAD177987CA0045B75B /* Release */,
			);
			defaultConfigurationIsVisible = 0;
			defaultConfigurationName = Release;
		};
/* End XCConfigurationList section */

/* Begin XCVersionGroup section */
		FCE10088178AE81E006FDB2E /* Jansampark.xcdatamodeld */ = {
			isa = XCVersionGroup;
			children = (
				FCE10089178AE81E006FDB2E /* Jansampark.xcdatamodel */,
			);
			currentVersion = FCE10089178AE81E006FDB2E /* Jansampark.xcdatamodel */;
			path = Jansampark.xcdatamodeld;
			sourceTree = "<group>";
			versionGroupType = wrapper.xcdatamodel;
		};
/* End XCVersionGroup section */
	};
	rootObject = 18456D80177987CA0045B75B /* Project object */;
}
